// !$*UTF8*$!
{
	archiveVersion = 1;
	classes = {
	};
	objectVersion = 46;
	objects = {

/* Begin PBXBuildFile section */
		0426A55C1D795992000DBAF4 /* RootTabbarViewController.m in Sources */ = {isa = PBXBuildFile; fileRef = 0426A55B1D795992000DBAF4 /* RootTabbarViewController.m */; };
		0426A6131D796CEC000DBAF4 /* UINavigationController+NavigationBar.m in Sources */ = {isa = PBXBuildFile; fileRef = 0426A6121D796CEC000DBAF4 /* UINavigationController+NavigationBar.m */; };
		043165641D80074B00373D7E /* UITableViewCell+Animation.m in Sources */ = {isa = PBXBuildFile; fileRef = 043165631D80074B00373D7E /* UITableViewCell+Animation.m */; };
		0432C9451D7D550B00184E14 /* YHWebViewProgress.m in Sources */ = {isa = PBXBuildFile; fileRef = 0432C9391D7D550B00184E14 /* YHWebViewProgress.m */; };
		0432C9461D7D550B00184E14 /* YHWebViewProgressView.m in Sources */ = {isa = PBXBuildFile; fileRef = 0432C93B1D7D550B00184E14 /* YHWebViewProgressView.m */; };
		043A87B11D868A120050FF2F /* JWDatePicker.m in Sources */ = {isa = PBXBuildFile; fileRef = 043A87AE1D868A120050FF2F /* JWDatePicker.m */; };
		043A87B21D868A120050FF2F /* JWPickerView.m in Sources */ = {isa = PBXBuildFile; fileRef = 043A87B01D868A120050FF2F /* JWPickerView.m */; };
		043A87B51D868C570050FF2F /* JWSummitFile.m in Sources */ = {isa = PBXBuildFile; fileRef = 043A87B41D868C570050FF2F /* JWSummitFile.m */; };
		043F26181CFC1104000A294B /* NSDate+Extra.m in Sources */ = {isa = PBXBuildFile; fileRef = 043F26051CFC1104000A294B /* NSDate+Extra.m */; };
		043F26191CFC1104000A294B /* NSDictionary+Extra.m in Sources */ = {isa = PBXBuildFile; fileRef = 043F26071CFC1104000A294B /* NSDictionary+Extra.m */; };
		043F261B1CFC1104000A294B /* NSString+Extra.m in Sources */ = {isa = PBXBuildFile; fileRef = 043F260B1CFC1104000A294B /* NSString+Extra.m */; };
		043F261C1CFC1104000A294B /* UIDevice+Extra.m in Sources */ = {isa = PBXBuildFile; fileRef = 043F260D1CFC1104000A294B /* UIDevice+Extra.m */; };
		043F261E1CFC1104000A294B /* UITextField+Extra.m in Sources */ = {isa = PBXBuildFile; fileRef = 043F26111CFC1104000A294B /* UITextField+Extra.m */; };
		043F261F1CFC1104000A294B /* UIView+Extra.m in Sources */ = {isa = PBXBuildFile; fileRef = 043F26131CFC1104000A294B /* UIView+Extra.m */; };
		043F26201CFC1104000A294B /* UIViewController+PushBackAnimation.m in Sources */ = {isa = PBXBuildFile; fileRef = 043F26151CFC1104000A294B /* UIViewController+PushBackAnimation.m */; };
		043F26211CFC1104000A294B /* UIWebView+ClearCache.m in Sources */ = {isa = PBXBuildFile; fileRef = 043F26171CFC1104000A294B /* UIWebView+ClearCache.m */; };
		044768EA1D87DDCF00BCDA27 /* JWRequestExceptionAlertView.m in Sources */ = {isa = PBXBuildFile; fileRef = 044768E91D87DDCF00BCDA27 /* JWRequestExceptionAlertView.m */; };
		044768EC1D87DDF700BCDA27 /* JWRequestExceptionAlertView.xib in Resources */ = {isa = PBXBuildFile; fileRef = 044768EB1D87DDF700BCDA27 /* JWRequestExceptionAlertView.xib */; };
		044768F01D87F43600BCDA27 /* SPLaughView.m in Sources */ = {isa = PBXBuildFile; fileRef = 044768EE1D87F43600BCDA27 /* SPLaughView.m */; };
		044768F11D87F43600BCDA27 /* SPLaughView.xib in Resources */ = {isa = PBXBuildFile; fileRef = 044768EF1D87F43600BCDA27 /* SPLaughView.xib */; };
		044768F41D87F7F400BCDA27 /* RootNavigationViewController.m in Sources */ = {isa = PBXBuildFile; fileRef = 044768F31D87F7F400BCDA27 /* RootNavigationViewController.m */; };
		0457BB731CFD669B00FEBBC5 /* CoreTelephony.framework in Frameworks */ = {isa = PBXBuildFile; fileRef = 0457BB721CFD669B00FEBBC5 /* CoreTelephony.framework */; };
		0457BB751CFD66B200FEBBC5 /* libz.tbd in Frameworks */ = {isa = PBXBuildFile; fileRef = 0457BB741CFD66B200FEBBC5 /* libz.tbd */; };
		0457BB771CFD66DB00FEBBC5 /* libsqlite3.tbd in Frameworks */ = {isa = PBXBuildFile; fileRef = 0457BB761CFD66DB00FEBBC5 /* libsqlite3.tbd */; };
		0457BB7B1CFD68FB00FEBBC5 /* SystemConfigure.m in Sources */ = {isa = PBXBuildFile; fileRef = 0457BB7A1CFD68FB00FEBBC5 /* SystemConfigure.m */; };
		0457BB7E1CFD734C00FEBBC5 /* JWShare.m in Sources */ = {isa = PBXBuildFile; fileRef = 0457BB7D1CFD734C00FEBBC5 /* JWShare.m */; };
		046298C91CFC174A006050EB /* SysParams.m in Sources */ = {isa = PBXBuildFile; fileRef = 046298C61CFC174A006050EB /* SysParams.m */; };
		046298CA1CFC174A006050EB /* SysFunctions.m in Sources */ = {isa = PBXBuildFile; fileRef = 046298C81CFC174A006050EB /* SysFunctions.m */; };
		046298D61CFC2666006050EB /* NSObject+Extra.m in Sources */ = {isa = PBXBuildFile; fileRef = 046298D51CFC2666006050EB /* NSObject+Extra.m */; };
		046298E41CFC384A006050EB /* UIView+Snapshot.m in Sources */ = {isa = PBXBuildFile; fileRef = 046298E31CFC384A006050EB /* UIView+Snapshot.m */; };
		04629FA41CFEE3D4005F2A46 /* BaseViewController.m in Sources */ = {isa = PBXBuildFile; fileRef = 04629FA31CFEE3D4005F2A46 /* BaseViewController.m */; };
		048EE0541D8285D500AE18B5 /* JWRegex.m in Sources */ = {isa = PBXBuildFile; fileRef = 048EE0531D8285D500AE18B5 /* JWRegex.m */; };
		048EE05B1D82880900AE18B5 /* UserLogonModel.m in Sources */ = {isa = PBXBuildFile; fileRef = 048EE05A1D82880900AE18B5 /* UserLogonModel.m */; };
		048EE0611D82B8DC00AE18B5 /* JWImagePicker.m in Sources */ = {isa = PBXBuildFile; fileRef = 048EE0601D82B8DC00AE18B5 /* JWImagePicker.m */; };
		04AAE7321CFD97230086CD98 /* libicucore.tbd in Frameworks */ = {isa = PBXBuildFile; fileRef = 04AAE7311CFD97230086CD98 /* libicucore.tbd */; };
		04AAE7341CFD97420086CD98 /* libstdc++.tbd in Frameworks */ = {isa = PBXBuildFile; fileRef = 04AAE7331CFD97420086CD98 /* libstdc++.tbd */; };
		04AAE7361CFD97500086CD98 /* JavaScriptCore.framework in Frameworks */ = {isa = PBXBuildFile; fileRef = 04AAE7351CFD97500086CD98 /* JavaScriptCore.framework */; };
		04AAE7381CFD975B0086CD98 /* ImageIO.framework in Frameworks */ = {isa = PBXBuildFile; fileRef = 04AAE7371CFD975B0086CD98 /* ImageIO.framework */; };
		04B86D7B1D7FA72B00FAEF35 /* QuartzCore.framework in Frameworks */ = {isa = PBXBuildFile; fileRef = 04B86D7A1D7FA72B00FAEF35 /* QuartzCore.framework */; };
		04CCA4C51D7EB9450033730D /* UINavigationItem+Margin.m in Sources */ = {isa = PBXBuildFile; fileRef = 04CCA4C41D7EB9450033730D /* UINavigationItem+Margin.m */; };
		04DCA6631CFEB1DF0017EDBC /* JWProgressView.m in Sources */ = {isa = PBXBuildFile; fileRef = 04DCA6611CFEB1DF0017EDBC /* JWProgressView.m */; };
		04DCA6661CFEB61D0017EDBC /* JWImageLoadConnection.m in Sources */ = {isa = PBXBuildFile; fileRef = 04DCA6651CFEB61D0017EDBC /* JWImageLoadConnection.m */; settings = {COMPILER_FLAGS = "-fno-objc-arc"; }; };
		04DCA6771CFEB7E10017EDBC /* JWTableView.m in Sources */ = {isa = PBXBuildFile; fileRef = 04DCA66E1CFEB7E00017EDBC /* JWTableView.m */; };
		04DCA6781CFEB7E10017EDBC /* MJCustomGifFooter.m in Sources */ = {isa = PBXBuildFile; fileRef = 04DCA6701CFEB7E00017EDBC /* MJCustomGifFooter.m */; };
		04DCA6791CFEB7E10017EDBC /* MJCustomGifHeader.m in Sources */ = {isa = PBXBuildFile; fileRef = 04DCA6721CFEB7E00017EDBC /* MJCustomGifHeader.m */; };
		04DCA67B1CFEB7E10017EDBC /* MJRefreshManager.m in Sources */ = {isa = PBXBuildFile; fileRef = 04DCA6761CFEB7E10017EDBC /* MJRefreshManager.m */; };
		04E5D11A1D000B6C00DB97CB /* UITableView+EmptyData.m in Sources */ = {isa = PBXBuildFile; fileRef = 04E5D1191D000B6C00DB97CB /* UITableView+EmptyData.m */; };
		04E7355C1CFC0AC0007F51C4 /* main.m in Sources */ = {isa = PBXBuildFile; fileRef = 04E7355B1CFC0AC0007F51C4 /* main.m */; };
		04E7355F1CFC0AC0007F51C4 /* AppDelegate.m in Sources */ = {isa = PBXBuildFile; fileRef = 04E7355E1CFC0AC0007F51C4 /* AppDelegate.m */; };
		04E735651CFC0AC0007F51C4 /* Main.storyboard in Resources */ = {isa = PBXBuildFile; fileRef = 04E735631CFC0AC0007F51C4 /* Main.storyboard */; };
		04E735671CFC0AC0007F51C4 /* Assets.xcassets in Resources */ = {isa = PBXBuildFile; fileRef = 04E735661CFC0AC0007F51C4 /* Assets.xcassets */; };
		04E7356A1CFC0AC0007F51C4 /* LaunchScreen.storyboard in Resources */ = {isa = PBXBuildFile; fileRef = 04E735681CFC0AC0007F51C4 /* LaunchScreen.storyboard */; };
		04E735751CFC0AC0007F51C4 /* JWCoreTests.m in Sources */ = {isa = PBXBuildFile; fileRef = 04E735741CFC0AC0007F51C4 /* JWCoreTests.m */; };
		04FC0B771D8F97E500A8BC47 /* AddressBook.framework in Frameworks */ = {isa = PBXBuildFile; fileRef = 04FC0B761D8F97E500A8BC47 /* AddressBook.framework */; };
		04FC0B791D8F980200A8BC47 /* libstdc++.6.0.9.tbd in Frameworks */ = {isa = PBXBuildFile; fileRef = 04FC0B781D8F980200A8BC47 /* libstdc++.6.0.9.tbd */; };
		04FC0B9F1D8FC39B00A8BC47 /* UIImage+DHImageAdditions.m in Sources */ = {isa = PBXBuildFile; fileRef = 04FC0B981D8FC39B00A8BC47 /* UIImage+DHImageAdditions.m */; };
		04FC0BA01D8FC39B00A8BC47 /* UIScrollView+DHSmartScreenshot.m in Sources */ = {isa = PBXBuildFile; fileRef = 04FC0B9A1D8FC39B00A8BC47 /* UIScrollView+DHSmartScreenshot.m */; };
		04FC0BA11D8FC39B00A8BC47 /* UITableView+DHSmartScreenshot.m in Sources */ = {isa = PBXBuildFile; fileRef = 04FC0B9C1D8FC39B00A8BC47 /* UITableView+DHSmartScreenshot.m */; };
		04FC0BA21D8FC39B00A8BC47 /* UIView+DHSmartScreenshot.m in Sources */ = {isa = PBXBuildFile; fileRef = 04FC0B9E1D8FC39B00A8BC47 /* UIView+DHSmartScreenshot.m */; };
		04FC0BA81D8FC57E00A8BC47 /* CoreLocation.framework in Frameworks */ = {isa = PBXBuildFile; fileRef = 04FC0BA71D8FC57E00A8BC47 /* CoreLocation.framework */; };
		04FEF99A1D879327004C4520 /* WebViewController.m in Sources */ = {isa = PBXBuildFile; fileRef = 04FEF9981D879327004C4520 /* WebViewController.m */; };
		04FEF99B1D879327004C4520 /* WebViewController.xib in Resources */ = {isa = PBXBuildFile; fileRef = 04FEF9991D879327004C4520 /* WebViewController.xib */; };
		04FEF99E1D87A9D7004C4520 /* ImagePlayerView.m in Sources */ = {isa = PBXBuildFile; fileRef = 04FEF99D1D87A9D7004C4520 /* ImagePlayerView.m */; };
		A9938FE60C91147F6E2BCE4C /* libPods-JWCore.a in Frameworks */ = {isa = PBXBuildFile; fileRef = 544F97D2E6BCEE5D7ACF2B60 /* libPods-JWCore.a */; };
		FE4830DC1DACC4FD001ABB17 /* city.json in Resources */ = {isa = PBXBuildFile; fileRef = FE4830DB1DACC4FD001ABB17 /* city.json */; };
		FE4E98051F46D6B200E5C08D /* HomeVisitModel.m in Sources */ = {isa = PBXBuildFile; fileRef = FE4E98041F46D6B200E5C08D /* HomeVisitModel.m */; };
		FE4E980B1F46DEC900E5C08D /* HTTPRequest.m in Sources */ = {isa = PBXBuildFile; fileRef = FE4E98081F46DEC900E5C08D /* HTTPRequest.m */; };
		FE4E980C1F46DEC900E5C08D /* ViewModel.m in Sources */ = {isa = PBXBuildFile; fileRef = FE4E980A1F46DEC900E5C08D /* ViewModel.m */; };
		FE577A671DBA0C83006E064A /* libPushSDK-1.8.8.a in Frameworks */ = {isa = PBXBuildFile; fileRef = FE577A651DBA0C83006E064A /* libPushSDK-1.8.8.a */; };
		FE577A681DBA0C83006E064A /* PushConfig.plist in Resources */ = {isa = PBXBuildFile; fileRef = FE577A661DBA0C83006E064A /* PushConfig.plist */; };
		FE577A6A1DBA0D00006E064A /* CFNetwork.framework in Frameworks */ = {isa = PBXBuildFile; fileRef = FE577A691DBA0D00006E064A /* CFNetwork.framework */; };
		FE577A6C1DBA0D0B006E064A /* CoreFoundation.framework in Frameworks */ = {isa = PBXBuildFile; fileRef = FE577A6B1DBA0D0B006E064A /* CoreFoundation.framework */; };
		FE577A6E1DBA0D1C006E064A /* SystemConfiguration.framework in Frameworks */ = {isa = PBXBuildFile; fileRef = FE577A6D1DBA0D1C006E064A /* SystemConfiguration.framework */; };
		FE577A701DBA0D26006E064A /* CoreGraphics.framework in Frameworks */ = {isa = PBXBuildFile; fileRef = FE577A6F1DBA0D26006E064A /* CoreGraphics.framework */; };
		FE577A721DBA0D30006E064A /* Foundation.framework in Frameworks */ = {isa = PBXBuildFile; fileRef = FE577A711DBA0D30006E064A /* Foundation.framework */; };
		FE577A741DBA0D35006E064A /* UIKit.framework in Frameworks */ = {isa = PBXBuildFile; fileRef = FE577A731DBA0D35006E064A /* UIKit.framework */; };
		FE577A761DBA0D3C006E064A /* Security.framework in Frameworks */ = {isa = PBXBuildFile; fileRef = FE577A751DBA0D3C006E064A /* Security.framework */; };
		FE577A781DBA0D58006E064A /* AdSupport.framework in Frameworks */ = {isa = PBXBuildFile; fileRef = FE577A771DBA0D58006E064A /* AdSupport.framework */; };
		FE577A7A1DBA0D72006E064A /* libresolv.tbd in Frameworks */ = {isa = PBXBuildFile; fileRef = FE577A791DBA0D72006E064A /* libresolv.tbd */; };
		FE5824DB1DB4B2F3008052C9 /* Localizable.strings in Resources */ = {isa = PBXBuildFile; fileRef = FE5824DA1DB4B2F3008052C9 /* Localizable.strings */; };
		FE5824DE1DB4CF71008052C9 /* ClickImage.m in Sources */ = {isa = PBXBuildFile; fileRef = FE5824DD1DB4CF71008052C9 /* ClickImage.m */; };
		FE62EC2D1F3AA01D00252CAD /* CommunityViewController.m in Sources */ = {isa = PBXBuildFile; fileRef = FE62EC2B1F3AA01D00252CAD /* CommunityViewController.m */; };
		FE62EC2E1F3AA01D00252CAD /* CommunityViewController.xib in Resources */ = {isa = PBXBuildFile; fileRef = FE62EC2C1F3AA01D00252CAD /* CommunityViewController.xib */; };
		FE62EC321F3AA04600252CAD /* CommunityTitleView.m in Sources */ = {isa = PBXBuildFile; fileRef = FE62EC311F3AA04600252CAD /* CommunityTitleView.m */; };
		FE62EC341F3AA05100252CAD /* CommunityTitleView.xib in Resources */ = {isa = PBXBuildFile; fileRef = FE62EC331F3AA05100252CAD /* CommunityTitleView.xib */; };
		FE62EC391F3AA0EC00252CAD /* MyViewController.m in Sources */ = {isa = PBXBuildFile; fileRef = FE62EC371F3AA0EC00252CAD /* MyViewController.m */; };
		FE62EC3A1F3AA0EC00252CAD /* MyViewController.xib in Resources */ = {isa = PBXBuildFile; fileRef = FE62EC381F3AA0EC00252CAD /* MyViewController.xib */; };
		FE62EC3F1F3AA98700252CAD /* FindViewController.m in Sources */ = {isa = PBXBuildFile; fileRef = FE62EC3D1F3AA98700252CAD /* FindViewController.m */; };
		FE62EC401F3AA98700252CAD /* FindViewController.xib in Resources */ = {isa = PBXBuildFile; fileRef = FE62EC3E1F3AA98700252CAD /* FindViewController.xib */; };
		FE62EC441F3AAA6B00252CAD /* CommunityHotTopicViewController.m in Sources */ = {isa = PBXBuildFile; fileRef = FE62EC421F3AAA6B00252CAD /* CommunityHotTopicViewController.m */; };
		FE62EC451F3AAA6B00252CAD /* CommunityHotTopicViewController.xib in Resources */ = {isa = PBXBuildFile; fileRef = FE62EC431F3AAA6B00252CAD /* CommunityHotTopicViewController.xib */; };
		FE62EC491F3AAA9000252CAD /* CommunityAnnouncementViewController.m in Sources */ = {isa = PBXBuildFile; fileRef = FE62EC471F3AAA9000252CAD /* CommunityAnnouncementViewController.m */; };
		FE62EC4A1F3AAA9000252CAD /* CommunityAnnouncementViewController.xib in Resources */ = {isa = PBXBuildFile; fileRef = FE62EC481F3AAA9000252CAD /* CommunityAnnouncementViewController.xib */; };
		FE62EC4E1F3AAAB300252CAD /* CommunityHotCell.m in Sources */ = {isa = PBXBuildFile; fileRef = FE62EC4C1F3AAAB300252CAD /* CommunityHotCell.m */; };
		FE62EC4F1F3AAAB300252CAD /* CommunityHotCell.xib in Resources */ = {isa = PBXBuildFile; fileRef = FE62EC4D1F3AAAB300252CAD /* CommunityHotCell.xib */; };
		FE62EC531F3AAAC900252CAD /* CommunityAnnouncementCell.m in Sources */ = {isa = PBXBuildFile; fileRef = FE62EC511F3AAAC900252CAD /* CommunityAnnouncementCell.m */; };
		FE62EC541F3AAAC900252CAD /* CommunityAnnouncementCell.xib in Resources */ = {isa = PBXBuildFile; fileRef = FE62EC521F3AAAC900252CAD /* CommunityAnnouncementCell.xib */; };
		FE62EC591F3AE10F00252CAD /* HomeViewController.m in Sources */ = {isa = PBXBuildFile; fileRef = FE62EC571F3AE10F00252CAD /* HomeViewController.m */; };
		FE62EC5A1F3AE10F00252CAD /* HomeViewController.xib in Resources */ = {isa = PBXBuildFile; fileRef = FE62EC581F3AE10F00252CAD /* HomeViewController.xib */; };
		FE62EC5F1F3AE27200252CAD /* HomeCell.m in Sources */ = {isa = PBXBuildFile; fileRef = FE62EC5D1F3AE27200252CAD /* HomeCell.m */; };
		FE62EC601F3AE27200252CAD /* HomeCell.xib in Resources */ = {isa = PBXBuildFile; fileRef = FE62EC5E1F3AE27200252CAD /* HomeCell.xib */; };
		FE62EC641F3AE9E600252CAD /* DoubleBallViewController.m in Sources */ = {isa = PBXBuildFile; fileRef = FE62EC621F3AE9E600252CAD /* DoubleBallViewController.m */; };
		FE62EC651F3AE9E600252CAD /* DoubleBallViewController.xib in Resources */ = {isa = PBXBuildFile; fileRef = FE62EC631F3AE9E600252CAD /* DoubleBallViewController.xib */; };
		FE62EC671F3B0B8F00252CAD /* Default-568h@2x.png in Resources */ = {isa = PBXBuildFile; fileRef = FE62EC661F3B0B8F00252CAD /* Default-568h@2x.png */; };
		FE62EC6A1F3B0E9100252CAD /* HomeHeadView.m in Sources */ = {isa = PBXBuildFile; fileRef = FE62EC691F3B0E9100252CAD /* HomeHeadView.m */; };
		FE62EC6C1F3B0EDA00252CAD /* HomeHeadView.xib in Resources */ = {isa = PBXBuildFile; fileRef = FE62EC6B1F3B0EDA00252CAD /* HomeHeadView.xib */; };
		FE6F030C1F3BF4610083D364 /* HomeCollectionCell.m in Sources */ = {isa = PBXBuildFile; fileRef = FE6F030A1F3BF4610083D364 /* HomeCollectionCell.m */; };
		FE6F030D1F3BF4610083D364 /* HomeCollectionCell.xib in Resources */ = {isa = PBXBuildFile; fileRef = FE6F030B1F3BF4610083D364 /* HomeCollectionCell.xib */; };
		FE75BE5D1F3C5A7F00CBE8D2 /* HomeDetailViewController.m in Sources */ = {isa = PBXBuildFile; fileRef = FE75BE5B1F3C5A7F00CBE8D2 /* HomeDetailViewController.m */; };
		FE75BE5E1F3C5A7F00CBE8D2 /* HomeDetailViewController.xib in Resources */ = {isa = PBXBuildFile; fileRef = FE75BE5C1F3C5A7F00CBE8D2 /* HomeDetailViewController.xib */; };
		FE75BE611F3C5DFE00CBE8D2 /* HomeDetailView.m in Sources */ = {isa = PBXBuildFile; fileRef = FE75BE601F3C5DFE00CBE8D2 /* HomeDetailView.m */; };
		FE75BE631F3C5E0800CBE8D2 /* HomeDetailView.xib in Resources */ = {isa = PBXBuildFile; fileRef = FE75BE621F3C5E0800CBE8D2 /* HomeDetailView.xib */; };
		FE75BE661F3C627400CBE8D2 /* JWItemsView.m in Sources */ = {isa = PBXBuildFile; fileRef = FE75BE651F3C627400CBE8D2 /* JWItemsView.m */; };
		FE9D44991DB8B39B009EFDAA /* UserNotifications.framework in Frameworks */ = {isa = PBXBuildFile; fileRef = FE9D44981DB8B39B009EFDAA /* UserNotifications.framework */; settings = {ATTRIBUTES = (Weak, ); }; };
		FEB14ABA1F399CAD00434021 /* JWHTTPRequest.m in Sources */ = {isa = PBXBuildFile; fileRef = FEB14AB91F399CAD00434021 /* JWHTTPRequest.m */; };
		FEB14ABD1F399CC500434021 /* JWResponseModel.m in Sources */ = {isa = PBXBuildFile; fileRef = FEB14ABC1F399CC500434021 /* JWResponseModel.m */; };
		FEB14AC41F39A1F200434021 /* UserLogonViewController.m in Sources */ = {isa = PBXBuildFile; fileRef = FEB14AC21F39A1F200434021 /* UserLogonViewController.m */; };
		FEB14AC51F39A1F200434021 /* UserLogonViewController.xib in Resources */ = {isa = PBXBuildFile; fileRef = FEB14AC31F39A1F200434021 /* UserLogonViewController.xib */; };
		FEB14AC91F39A21100434021 /* UserRegisterViewController.m in Sources */ = {isa = PBXBuildFile; fileRef = FEB14AC71F39A21100434021 /* UserRegisterViewController.m */; };
		FEB14ACA1F39A21100434021 /* UserRegisterViewController.xib in Resources */ = {isa = PBXBuildFile; fileRef = FEB14AC81F39A21100434021 /* UserRegisterViewController.xib */; };
/* End PBXBuildFile section */

/* Begin PBXContainerItemProxy section */
		04E735711CFC0AC0007F51C4 /* PBXContainerItemProxy */ = {
			isa = PBXContainerItemProxy;
			containerPortal = 04E7354F1CFC0ABF007F51C4 /* Project object */;
			proxyType = 1;
			remoteGlobalIDString = 04E735561CFC0ABF007F51C4;
			remoteInfo = JWCore;
		};
/* End PBXContainerItemProxy section */

/* Begin PBXFileReference section */
		0239D36912F71696041F8C9D /* Pods-JWCore.debug.xcconfig */ = {isa = PBXFileReference; includeInIndex = 1; lastKnownFileType = text.xcconfig; name = "Pods-JWCore.debug.xcconfig"; path = "Pods/Target Support Files/Pods-JWCore/Pods-JWCore.debug.xcconfig"; sourceTree = "<group>"; };
		0426A55A1D795992000DBAF4 /* RootTabbarViewController.h */ = {isa = PBXFileReference; fileEncoding = 4; lastKnownFileType = sourcecode.c.h; path = RootTabbarViewController.h; sourceTree = "<group>"; };
		0426A55B1D795992000DBAF4 /* RootTabbarViewController.m */ = {isa = PBXFileReference; fileEncoding = 4; lastKnownFileType = sourcecode.c.objc; path = RootTabbarViewController.m; sourceTree = "<group>"; };
		0426A6111D796CEC000DBAF4 /* UINavigationController+NavigationBar.h */ = {isa = PBXFileReference; fileEncoding = 4; lastKnownFileType = sourcecode.c.h; path = "UINavigationController+NavigationBar.h"; sourceTree = "<group>"; };
		0426A6121D796CEC000DBAF4 /* UINavigationController+NavigationBar.m */ = {isa = PBXFileReference; fileEncoding = 4; lastKnownFileType = sourcecode.c.objc; path = "UINavigationController+NavigationBar.m"; sourceTree = "<group>"; };
		043165621D80074B00373D7E /* UITableViewCell+Animation.h */ = {isa = PBXFileReference; fileEncoding = 4; lastKnownFileType = sourcecode.c.h; path = "UITableViewCell+Animation.h"; sourceTree = "<group>"; };
		043165631D80074B00373D7E /* UITableViewCell+Animation.m */ = {isa = PBXFileReference; fileEncoding = 4; lastKnownFileType = sourcecode.c.objc; path = "UITableViewCell+Animation.m"; sourceTree = "<group>"; };
		0432C9111D7D4DEB00184E14 /* RequestAddress.h */ = {isa = PBXFileReference; fileEncoding = 4; lastKnownFileType = sourcecode.c.h; path = RequestAddress.h; sourceTree = "<group>"; };
		0432C9381D7D550B00184E14 /* YHWebViewProgress.h */ = {isa = PBXFileReference; fileEncoding = 4; lastKnownFileType = sourcecode.c.h; path = YHWebViewProgress.h; sourceTree = "<group>"; };
		0432C9391D7D550B00184E14 /* YHWebViewProgress.m */ = {isa = PBXFileReference; fileEncoding = 4; lastKnownFileType = sourcecode.c.objc; path = YHWebViewProgress.m; sourceTree = "<group>"; };
		0432C93A1D7D550B00184E14 /* YHWebViewProgressView.h */ = {isa = PBXFileReference; fileEncoding = 4; lastKnownFileType = sourcecode.c.h; path = YHWebViewProgressView.h; sourceTree = "<group>"; };
		0432C93B1D7D550B00184E14 /* YHWebViewProgressView.m */ = {isa = PBXFileReference; fileEncoding = 4; lastKnownFileType = sourcecode.c.objc; path = YHWebViewProgressView.m; sourceTree = "<group>"; };
		0432C93C1D7D550B00184E14 /* YHWebViewProgressViewProtocol.h */ = {isa = PBXFileReference; fileEncoding = 4; lastKnownFileType = sourcecode.c.h; path = YHWebViewProgressViewProtocol.h; sourceTree = "<group>"; };
		043A87AD1D868A120050FF2F /* JWDatePicker.h */ = {isa = PBXFileReference; fileEncoding = 4; lastKnownFileType = sourcecode.c.h; path = JWDatePicker.h; sourceTree = "<group>"; };
		043A87AE1D868A120050FF2F /* JWDatePicker.m */ = {isa = PBXFileReference; fileEncoding = 4; lastKnownFileType = sourcecode.c.objc; path = JWDatePicker.m; sourceTree = "<group>"; };
		043A87AF1D868A120050FF2F /* JWPickerView.h */ = {isa = PBXFileReference; fileEncoding = 4; lastKnownFileType = sourcecode.c.h; path = JWPickerView.h; sourceTree = "<group>"; };
		043A87B01D868A120050FF2F /* JWPickerView.m */ = {isa = PBXFileReference; fileEncoding = 4; lastKnownFileType = sourcecode.c.objc; path = JWPickerView.m; sourceTree = "<group>"; };
		043A87B31D868C570050FF2F /* JWSummitFile.h */ = {isa = PBXFileReference; fileEncoding = 4; lastKnownFileType = sourcecode.c.h; path = JWSummitFile.h; sourceTree = "<group>"; };
		043A87B41D868C570050FF2F /* JWSummitFile.m */ = {isa = PBXFileReference; fileEncoding = 4; lastKnownFileType = sourcecode.c.objc; path = JWSummitFile.m; sourceTree = "<group>"; };
		043F26041CFC1104000A294B /* NSDate+Extra.h */ = {isa = PBXFileReference; fileEncoding = 4; lastKnownFileType = sourcecode.c.h; path = "NSDate+Extra.h"; sourceTree = "<group>"; };
		043F26051CFC1104000A294B /* NSDate+Extra.m */ = {isa = PBXFileReference; fileEncoding = 4; lastKnownFileType = sourcecode.c.objc; path = "NSDate+Extra.m"; sourceTree = "<group>"; };
		043F26061CFC1104000A294B /* NSDictionary+Extra.h */ = {isa = PBXFileReference; fileEncoding = 4; lastKnownFileType = sourcecode.c.h; path = "NSDictionary+Extra.h"; sourceTree = "<group>"; };
		043F26071CFC1104000A294B /* NSDictionary+Extra.m */ = {isa = PBXFileReference; fileEncoding = 4; lastKnownFileType = sourcecode.c.objc; path = "NSDictionary+Extra.m"; sourceTree = "<group>"; };
		043F260A1CFC1104000A294B /* NSString+Extra.h */ = {isa = PBXFileReference; fileEncoding = 4; lastKnownFileType = sourcecode.c.h; path = "NSString+Extra.h"; sourceTree = "<group>"; };
		043F260B1CFC1104000A294B /* NSString+Extra.m */ = {isa = PBXFileReference; fileEncoding = 4; lastKnownFileType = sourcecode.c.objc; path = "NSString+Extra.m"; sourceTree = "<group>"; };
		043F260C1CFC1104000A294B /* UIDevice+Extra.h */ = {isa = PBXFileReference; fileEncoding = 4; lastKnownFileType = sourcecode.c.h; path = "UIDevice+Extra.h"; sourceTree = "<group>"; };
		043F260D1CFC1104000A294B /* UIDevice+Extra.m */ = {isa = PBXFileReference; fileEncoding = 4; lastKnownFileType = sourcecode.c.objc; path = "UIDevice+Extra.m"; sourceTree = "<group>"; };
		043F26101CFC1104000A294B /* UITextField+Extra.h */ = {isa = PBXFileReference; fileEncoding = 4; lastKnownFileType = sourcecode.c.h; path = "UITextField+Extra.h"; sourceTree = "<group>"; };
		043F26111CFC1104000A294B /* UITextField+Extra.m */ = {isa = PBXFileReference; fileEncoding = 4; lastKnownFileType = sourcecode.c.objc; path = "UITextField+Extra.m"; sourceTree = "<group>"; };
		043F26121CFC1104000A294B /* UIView+Extra.h */ = {isa = PBXFileReference; fileEncoding = 4; lastKnownFileType = sourcecode.c.h; path = "UIView+Extra.h"; sourceTree = "<group>"; };
		043F26131CFC1104000A294B /* UIView+Extra.m */ = {isa = PBXFileReference; fileEncoding = 4; lastKnownFileType = sourcecode.c.objc; path = "UIView+Extra.m"; sourceTree = "<group>"; };
		043F26141CFC1104000A294B /* UIViewController+PushBackAnimation.h */ = {isa = PBXFileReference; fileEncoding = 4; lastKnownFileType = sourcecode.c.h; path = "UIViewController+PushBackAnimation.h"; sourceTree = "<group>"; };
		043F26151CFC1104000A294B /* UIViewController+PushBackAnimation.m */ = {isa = PBXFileReference; fileEncoding = 4; lastKnownFileType = sourcecode.c.objc; path = "UIViewController+PushBackAnimation.m"; sourceTree = "<group>"; };
		043F26161CFC1104000A294B /* UIWebView+ClearCache.h */ = {isa = PBXFileReference; fileEncoding = 4; lastKnownFileType = sourcecode.c.h; path = "UIWebView+ClearCache.h"; sourceTree = "<group>"; };
		043F26171CFC1104000A294B /* UIWebView+ClearCache.m */ = {isa = PBXFileReference; fileEncoding = 4; lastKnownFileType = sourcecode.c.objc; path = "UIWebView+ClearCache.m"; sourceTree = "<group>"; };
		044768E81D87DDCF00BCDA27 /* JWRequestExceptionAlertView.h */ = {isa = PBXFileReference; fileEncoding = 4; lastKnownFileType = sourcecode.c.h; path = JWRequestExceptionAlertView.h; sourceTree = "<group>"; };
		044768E91D87DDCF00BCDA27 /* JWRequestExceptionAlertView.m */ = {isa = PBXFileReference; fileEncoding = 4; lastKnownFileType = sourcecode.c.objc; path = JWRequestExceptionAlertView.m; sourceTree = "<group>"; };
		044768EB1D87DDF700BCDA27 /* JWRequestExceptionAlertView.xib */ = {isa = PBXFileReference; fileEncoding = 4; lastKnownFileType = file.xib; path = JWRequestExceptionAlertView.xib; sourceTree = "<group>"; };
		044768ED1D87F43600BCDA27 /* SPLaughView.h */ = {isa = PBXFileReference; fileEncoding = 4; lastKnownFileType = sourcecode.c.h; path = SPLaughView.h; sourceTree = "<group>"; };
		044768EE1D87F43600BCDA27 /* SPLaughView.m */ = {isa = PBXFileReference; fileEncoding = 4; lastKnownFileType = sourcecode.c.objc; path = SPLaughView.m; sourceTree = "<group>"; };
		044768EF1D87F43600BCDA27 /* SPLaughView.xib */ = {isa = PBXFileReference; fileEncoding = 4; lastKnownFileType = file.xib; path = SPLaughView.xib; sourceTree = "<group>"; };
		044768F21D87F7F400BCDA27 /* RootNavigationViewController.h */ = {isa = PBXFileReference; fileEncoding = 4; lastKnownFileType = sourcecode.c.h; path = RootNavigationViewController.h; sourceTree = "<group>"; };
		044768F31D87F7F400BCDA27 /* RootNavigationViewController.m */ = {isa = PBXFileReference; fileEncoding = 4; lastKnownFileType = sourcecode.c.objc; path = RootNavigationViewController.m; sourceTree = "<group>"; };
		0457BB721CFD669B00FEBBC5 /* CoreTelephony.framework */ = {isa = PBXFileReference; lastKnownFileType = wrapper.framework; name = CoreTelephony.framework; path = System/Library/Frameworks/CoreTelephony.framework; sourceTree = SDKROOT; };
		0457BB741CFD66B200FEBBC5 /* libz.tbd */ = {isa = PBXFileReference; lastKnownFileType = "sourcecode.text-based-dylib-definition"; name = libz.tbd; path = usr/lib/libz.tbd; sourceTree = SDKROOT; };
		0457BB761CFD66DB00FEBBC5 /* libsqlite3.tbd */ = {isa = PBXFileReference; lastKnownFileType = "sourcecode.text-based-dylib-definition"; name = libsqlite3.tbd; path = usr/lib/libsqlite3.tbd; sourceTree = SDKROOT; };
		0457BB781CFD687700FEBBC5 /* Macro.h */ = {isa = PBXFileReference; fileEncoding = 4; lastKnownFileType = sourcecode.c.h; path = Macro.h; sourceTree = "<group>"; };
		0457BB791CFD68FB00FEBBC5 /* SystemConfigure.h */ = {isa = PBXFileReference; fileEncoding = 4; lastKnownFileType = sourcecode.c.h; path = SystemConfigure.h; sourceTree = "<group>"; };
		0457BB7A1CFD68FB00FEBBC5 /* SystemConfigure.m */ = {isa = PBXFileReference; fileEncoding = 4; lastKnownFileType = sourcecode.c.objc; path = SystemConfigure.m; sourceTree = "<group>"; };
		0457BB7C1CFD734C00FEBBC5 /* JWShare.h */ = {isa = PBXFileReference; fileEncoding = 4; lastKnownFileType = sourcecode.c.h; path = JWShare.h; sourceTree = "<group>"; };
		0457BB7D1CFD734C00FEBBC5 /* JWShare.m */ = {isa = PBXFileReference; fileEncoding = 4; lastKnownFileType = sourcecode.c.objc; path = JWShare.m; sourceTree = "<group>"; };
		046298BD1CFC1533006050EB /* PrefixHeader.pch */ = {isa = PBXFileReference; fileEncoding = 4; lastKnownFileType = sourcecode.c.h; path = PrefixHeader.pch; sourceTree = "<group>"; };
		046298C51CFC174A006050EB /* SysParams.h */ = {isa = PBXFileReference; fileEncoding = 4; lastKnownFileType = sourcecode.c.h; path = SysParams.h; sourceTree = "<group>"; };
		046298C61CFC174A006050EB /* SysParams.m */ = {isa = PBXFileReference; fileEncoding = 4; lastKnownFileType = sourcecode.c.objc; path = SysParams.m; sourceTree = "<group>"; };
		046298C71CFC174A006050EB /* SysFunctions.h */ = {isa = PBXFileReference; fileEncoding = 4; lastKnownFileType = sourcecode.c.h; path = SysFunctions.h; sourceTree = "<group>"; };
		046298C81CFC174A006050EB /* SysFunctions.m */ = {isa = PBXFileReference; fileEncoding = 4; lastKnownFileType = sourcecode.c.objc; path = SysFunctions.m; sourceTree = "<group>"; };
		046298D41CFC2666006050EB /* NSObject+Extra.h */ = {isa = PBXFileReference; fileEncoding = 4; lastKnownFileType = sourcecode.c.h; path = "NSObject+Extra.h"; sourceTree = "<group>"; };
		046298D51CFC2666006050EB /* NSObject+Extra.m */ = {isa = PBXFileReference; fileEncoding = 4; lastKnownFileType = sourcecode.c.objc; path = "NSObject+Extra.m"; sourceTree = "<group>"; };
		046298E21CFC384A006050EB /* UIView+Snapshot.h */ = {isa = PBXFileReference; fileEncoding = 4; lastKnownFileType = sourcecode.c.h; path = "UIView+Snapshot.h"; sourceTree = "<group>"; };
		046298E31CFC384A006050EB /* UIView+Snapshot.m */ = {isa = PBXFileReference; fileEncoding = 4; lastKnownFileType = sourcecode.c.objc; path = "UIView+Snapshot.m"; sourceTree = "<group>"; };
		04629FA21CFEE3D4005F2A46 /* BaseViewController.h */ = {isa = PBXFileReference; fileEncoding = 4; lastKnownFileType = sourcecode.c.h; path = BaseViewController.h; sourceTree = "<group>"; };
		04629FA31CFEE3D4005F2A46 /* BaseViewController.m */ = {isa = PBXFileReference; fileEncoding = 4; lastKnownFileType = sourcecode.c.objc; path = BaseViewController.m; sourceTree = "<group>"; };
		048EE0521D8285D500AE18B5 /* JWRegex.h */ = {isa = PBXFileReference; fileEncoding = 4; lastKnownFileType = sourcecode.c.h; path = JWRegex.h; sourceTree = "<group>"; };
		048EE0531D8285D500AE18B5 /* JWRegex.m */ = {isa = PBXFileReference; fileEncoding = 4; lastKnownFileType = sourcecode.c.objc; path = JWRegex.m; sourceTree = "<group>"; };
		048EE0591D82880900AE18B5 /* UserLogonModel.h */ = {isa = PBXFileReference; fileEncoding = 4; lastKnownFileType = sourcecode.c.h; path = UserLogonModel.h; sourceTree = "<group>"; };
		048EE05A1D82880900AE18B5 /* UserLogonModel.m */ = {isa = PBXFileReference; fileEncoding = 4; lastKnownFileType = sourcecode.c.objc; path = UserLogonModel.m; sourceTree = "<group>"; };
		048EE05F1D82B8DC00AE18B5 /* JWImagePicker.h */ = {isa = PBXFileReference; fileEncoding = 4; lastKnownFileType = sourcecode.c.h; path = JWImagePicker.h; sourceTree = "<group>"; };
		048EE0601D82B8DC00AE18B5 /* JWImagePicker.m */ = {isa = PBXFileReference; fileEncoding = 4; lastKnownFileType = sourcecode.c.objc; path = JWImagePicker.m; sourceTree = "<group>"; };
		04AAE7311CFD97230086CD98 /* libicucore.tbd */ = {isa = PBXFileReference; lastKnownFileType = "sourcecode.text-based-dylib-definition"; name = libicucore.tbd; path = usr/lib/libicucore.tbd; sourceTree = SDKROOT; };
		04AAE7331CFD97420086CD98 /* libstdc++.tbd */ = {isa = PBXFileReference; lastKnownFileType = "sourcecode.text-based-dylib-definition"; name = "libstdc++.tbd"; path = "usr/lib/libstdc++.tbd"; sourceTree = SDKROOT; };
		04AAE7351CFD97500086CD98 /* JavaScriptCore.framework */ = {isa = PBXFileReference; lastKnownFileType = wrapper.framework; name = JavaScriptCore.framework; path = System/Library/Frameworks/JavaScriptCore.framework; sourceTree = SDKROOT; };
		04AAE7371CFD975B0086CD98 /* ImageIO.framework */ = {isa = PBXFileReference; lastKnownFileType = wrapper.framework; name = ImageIO.framework; path = System/Library/Frameworks/ImageIO.framework; sourceTree = SDKROOT; };
		04B86D7A1D7FA72B00FAEF35 /* QuartzCore.framework */ = {isa = PBXFileReference; lastKnownFileType = wrapper.framework; name = QuartzCore.framework; path = System/Library/Frameworks/QuartzCore.framework; sourceTree = SDKROOT; };
		04CCA4C31D7EB9450033730D /* UINavigationItem+Margin.h */ = {isa = PBXFileReference; fileEncoding = 4; lastKnownFileType = sourcecode.c.h; path = "UINavigationItem+Margin.h"; sourceTree = "<group>"; };
		04CCA4C41D7EB9450033730D /* UINavigationItem+Margin.m */ = {isa = PBXFileReference; fileEncoding = 4; lastKnownFileType = sourcecode.c.objc; path = "UINavigationItem+Margin.m"; sourceTree = "<group>"; };
		04DCA6601CFEB1DF0017EDBC /* JWProgressView.h */ = {isa = PBXFileReference; fileEncoding = 4; lastKnownFileType = sourcecode.c.h; path = JWProgressView.h; sourceTree = "<group>"; };
		04DCA6611CFEB1DF0017EDBC /* JWProgressView.m */ = {isa = PBXFileReference; fileEncoding = 4; lastKnownFileType = sourcecode.c.objc; path = JWProgressView.m; sourceTree = "<group>"; };
		04DCA6641CFEB61D0017EDBC /* JWImageLoadConnection.h */ = {isa = PBXFileReference; fileEncoding = 4; lastKnownFileType = sourcecode.c.h; path = JWImageLoadConnection.h; sourceTree = "<group>"; };
		04DCA6651CFEB61D0017EDBC /* JWImageLoadConnection.m */ = {isa = PBXFileReference; fileEncoding = 4; lastKnownFileType = sourcecode.c.objc; path = JWImageLoadConnection.m; sourceTree = "<group>"; };
		04DCA66D1CFEB7E00017EDBC /* JWTableView.h */ = {isa = PBXFileReference; fileEncoding = 4; lastKnownFileType = sourcecode.c.h; path = JWTableView.h; sourceTree = "<group>"; };
		04DCA66E1CFEB7E00017EDBC /* JWTableView.m */ = {isa = PBXFileReference; fileEncoding = 4; lastKnownFileType = sourcecode.c.objc; path = JWTableView.m; sourceTree = "<group>"; };
		04DCA66F1CFEB7E00017EDBC /* MJCustomGifFooter.h */ = {isa = PBXFileReference; fileEncoding = 4; lastKnownFileType = sourcecode.c.h; path = MJCustomGifFooter.h; sourceTree = "<group>"; };
		04DCA6701CFEB7E00017EDBC /* MJCustomGifFooter.m */ = {isa = PBXFileReference; fileEncoding = 4; lastKnownFileType = sourcecode.c.objc; path = MJCustomGifFooter.m; sourceTree = "<group>"; };
		04DCA6711CFEB7E00017EDBC /* MJCustomGifHeader.h */ = {isa = PBXFileReference; fileEncoding = 4; lastKnownFileType = sourcecode.c.h; path = MJCustomGifHeader.h; sourceTree = "<group>"; };
		04DCA6721CFEB7E00017EDBC /* MJCustomGifHeader.m */ = {isa = PBXFileReference; fileEncoding = 4; lastKnownFileType = sourcecode.c.objc; path = MJCustomGifHeader.m; sourceTree = "<group>"; };
		04DCA6751CFEB7E00017EDBC /* MJRefreshManager.h */ = {isa = PBXFileReference; fileEncoding = 4; lastKnownFileType = sourcecode.c.h; path = MJRefreshManager.h; sourceTree = "<group>"; };
		04DCA6761CFEB7E10017EDBC /* MJRefreshManager.m */ = {isa = PBXFileReference; fileEncoding = 4; lastKnownFileType = sourcecode.c.objc; path = MJRefreshManager.m; sourceTree = "<group>"; };
		04E5D1181D000B6C00DB97CB /* UITableView+EmptyData.h */ = {isa = PBXFileReference; fileEncoding = 4; lastKnownFileType = sourcecode.c.h; path = "UITableView+EmptyData.h"; sourceTree = "<group>"; };
		04E5D1191D000B6C00DB97CB /* UITableView+EmptyData.m */ = {isa = PBXFileReference; fileEncoding = 4; lastKnownFileType = sourcecode.c.objc; path = "UITableView+EmptyData.m"; sourceTree = "<group>"; };
		04E735571CFC0ABF007F51C4 /* JWCore.app */ = {isa = PBXFileReference; explicitFileType = wrapper.application; includeInIndex = 0; path = JWCore.app; sourceTree = BUILT_PRODUCTS_DIR; };
		04E7355B1CFC0AC0007F51C4 /* main.m */ = {isa = PBXFileReference; lastKnownFileType = sourcecode.c.objc; path = main.m; sourceTree = "<group>"; };
		04E7355D1CFC0AC0007F51C4 /* AppDelegate.h */ = {isa = PBXFileReference; lastKnownFileType = sourcecode.c.h; path = AppDelegate.h; sourceTree = "<group>"; };
		04E7355E1CFC0AC0007F51C4 /* AppDelegate.m */ = {isa = PBXFileReference; lastKnownFileType = sourcecode.c.objc; path = AppDelegate.m; sourceTree = "<group>"; };
		04E735641CFC0AC0007F51C4 /* Base */ = {isa = PBXFileReference; lastKnownFileType = file.storyboard; name = Base; path = Base.lproj/Main.storyboard; sourceTree = "<group>"; };
		04E735661CFC0AC0007F51C4 /* Assets.xcassets */ = {isa = PBXFileReference; lastKnownFileType = folder.assetcatalog; path = Assets.xcassets; sourceTree = "<group>"; };
		04E735691CFC0AC0007F51C4 /* Base */ = {isa = PBXFileReference; lastKnownFileType = file.storyboard; name = Base; path = Base.lproj/LaunchScreen.storyboard; sourceTree = "<group>"; };
		04E7356B1CFC0AC0007F51C4 /* Info.plist */ = {isa = PBXFileReference; lastKnownFileType = text.plist.xml; path = Info.plist; sourceTree = "<group>"; };
		04E735701CFC0AC0007F51C4 /* JWCoreTests.xctest */ = {isa = PBXFileReference; explicitFileType = wrapper.cfbundle; includeInIndex = 0; path = JWCoreTests.xctest; sourceTree = BUILT_PRODUCTS_DIR; };
		04E735741CFC0AC0007F51C4 /* JWCoreTests.m */ = {isa = PBXFileReference; lastKnownFileType = sourcecode.c.objc; path = JWCoreTests.m; sourceTree = "<group>"; };
		04E735761CFC0AC0007F51C4 /* Info.plist */ = {isa = PBXFileReference; lastKnownFileType = text.plist.xml; path = Info.plist; sourceTree = "<group>"; };
		04FC0B761D8F97E500A8BC47 /* AddressBook.framework */ = {isa = PBXFileReference; lastKnownFileType = wrapper.framework; name = AddressBook.framework; path = System/Library/Frameworks/AddressBook.framework; sourceTree = SDKROOT; };
		04FC0B781D8F980200A8BC47 /* libstdc++.6.0.9.tbd */ = {isa = PBXFileReference; lastKnownFileType = "sourcecode.text-based-dylib-definition"; name = "libstdc++.6.0.9.tbd"; path = "usr/lib/libstdc++.6.0.9.tbd"; sourceTree = SDKROOT; };
		04FC0B961D8FC39B00A8BC47 /* DHSmartScreenshot.h */ = {isa = PBXFileReference; fileEncoding = 4; lastKnownFileType = sourcecode.c.h; path = DHSmartScreenshot.h; sourceTree = "<group>"; };
		04FC0B971D8FC39B00A8BC47 /* UIImage+DHImageAdditions.h */ = {isa = PBXFileReference; fileEncoding = 4; lastKnownFileType = sourcecode.c.h; path = "UIImage+DHImageAdditions.h"; sourceTree = "<group>"; };
		04FC0B981D8FC39B00A8BC47 /* UIImage+DHImageAdditions.m */ = {isa = PBXFileReference; fileEncoding = 4; lastKnownFileType = sourcecode.c.objc; path = "UIImage+DHImageAdditions.m"; sourceTree = "<group>"; };
		04FC0B991D8FC39B00A8BC47 /* UIScrollView+DHSmartScreenshot.h */ = {isa = PBXFileReference; fileEncoding = 4; lastKnownFileType = sourcecode.c.h; path = "UIScrollView+DHSmartScreenshot.h"; sourceTree = "<group>"; };
		04FC0B9A1D8FC39B00A8BC47 /* UIScrollView+DHSmartScreenshot.m */ = {isa = PBXFileReference; fileEncoding = 4; lastKnownFileType = sourcecode.c.objc; path = "UIScrollView+DHSmartScreenshot.m"; sourceTree = "<group>"; };
		04FC0B9B1D8FC39B00A8BC47 /* UITableView+DHSmartScreenshot.h */ = {isa = PBXFileReference; fileEncoding = 4; lastKnownFileType = sourcecode.c.h; path = "UITableView+DHSmartScreenshot.h"; sourceTree = "<group>"; };
		04FC0B9C1D8FC39B00A8BC47 /* UITableView+DHSmartScreenshot.m */ = {isa = PBXFileReference; fileEncoding = 4; lastKnownFileType = sourcecode.c.objc; path = "UITableView+DHSmartScreenshot.m"; sourceTree = "<group>"; };
		04FC0B9D1D8FC39B00A8BC47 /* UIView+DHSmartScreenshot.h */ = {isa = PBXFileReference; fileEncoding = 4; lastKnownFileType = sourcecode.c.h; path = "UIView+DHSmartScreenshot.h"; sourceTree = "<group>"; };
		04FC0B9E1D8FC39B00A8BC47 /* UIView+DHSmartScreenshot.m */ = {isa = PBXFileReference; fileEncoding = 4; lastKnownFileType = sourcecode.c.objc; path = "UIView+DHSmartScreenshot.m"; sourceTree = "<group>"; };
		04FC0BA31D8FC3D500A8BC47 /* AudioToolbox.framework */ = {isa = PBXFileReference; lastKnownFileType = wrapper.framework; name = AudioToolbox.framework; path = System/Library/Frameworks/AudioToolbox.framework; sourceTree = SDKROOT; };
		04FC0BA51D8FC46E00A8BC47 /* AVFoundation.framework */ = {isa = PBXFileReference; lastKnownFileType = wrapper.framework; name = AVFoundation.framework; path = System/Library/Frameworks/AVFoundation.framework; sourceTree = SDKROOT; };
		04FC0BA71D8FC57E00A8BC47 /* CoreLocation.framework */ = {isa = PBXFileReference; lastKnownFileType = wrapper.framework; name = CoreLocation.framework; path = System/Library/Frameworks/CoreLocation.framework; sourceTree = SDKROOT; };
		04FEF9971D879327004C4520 /* WebViewController.h */ = {isa = PBXFileReference; fileEncoding = 4; lastKnownFileType = sourcecode.c.h; path = WebViewController.h; sourceTree = "<group>"; };
		04FEF9981D879327004C4520 /* WebViewController.m */ = {isa = PBXFileReference; fileEncoding = 4; lastKnownFileType = sourcecode.c.objc; path = WebViewController.m; sourceTree = "<group>"; };
		04FEF9991D879327004C4520 /* WebViewController.xib */ = {isa = PBXFileReference; fileEncoding = 4; lastKnownFileType = file.xib; path = WebViewController.xib; sourceTree = "<group>"; };
		04FEF99C1D87A9D7004C4520 /* ImagePlayerView.h */ = {isa = PBXFileReference; fileEncoding = 4; lastKnownFileType = sourcecode.c.h; path = ImagePlayerView.h; sourceTree = "<group>"; };
		04FEF99D1D87A9D7004C4520 /* ImagePlayerView.m */ = {isa = PBXFileReference; fileEncoding = 4; lastKnownFileType = sourcecode.c.objc; path = ImagePlayerView.m; sourceTree = "<group>"; };
		544F97D2E6BCEE5D7ACF2B60 /* libPods-JWCore.a */ = {isa = PBXFileReference; explicitFileType = archive.ar; includeInIndex = 0; path = "libPods-JWCore.a"; sourceTree = BUILT_PRODUCTS_DIR; };
		A7D4D72B926254A6A0B17F35 /* Pods-JWCore.release.xcconfig */ = {isa = PBXFileReference; includeInIndex = 1; lastKnownFileType = text.xcconfig; name = "Pods-JWCore.release.xcconfig"; path = "Pods/Target Support Files/Pods-JWCore/Pods-JWCore.release.xcconfig"; sourceTree = "<group>"; };
		FE4830DB1DACC4FD001ABB17 /* city.json */ = {isa = PBXFileReference; fileEncoding = 4; lastKnownFileType = text.json; path = city.json; sourceTree = "<group>"; };
		FE4E98031F46D6B200E5C08D /* HomeVisitModel.h */ = {isa = PBXFileReference; fileEncoding = 4; lastKnownFileType = sourcecode.c.h; path = HomeVisitModel.h; sourceTree = "<group>"; };
		FE4E98041F46D6B200E5C08D /* HomeVisitModel.m */ = {isa = PBXFileReference; fileEncoding = 4; lastKnownFileType = sourcecode.c.objc; path = HomeVisitModel.m; sourceTree = "<group>"; };
		FE4E98071F46DEC900E5C08D /* HTTPRequest.h */ = {isa = PBXFileReference; fileEncoding = 4; lastKnownFileType = sourcecode.c.h; path = HTTPRequest.h; sourceTree = "<group>"; };
		FE4E98081F46DEC900E5C08D /* HTTPRequest.m */ = {isa = PBXFileReference; fileEncoding = 4; lastKnownFileType = sourcecode.c.objc; path = HTTPRequest.m; sourceTree = "<group>"; };
		FE4E98091F46DEC900E5C08D /* ViewModel.h */ = {isa = PBXFileReference; fileEncoding = 4; lastKnownFileType = sourcecode.c.h; path = ViewModel.h; sourceTree = "<group>"; };
		FE4E980A1F46DEC900E5C08D /* ViewModel.m */ = {isa = PBXFileReference; fileEncoding = 4; lastKnownFileType = sourcecode.c.objc; path = ViewModel.m; sourceTree = "<group>"; };
		FE577A641DBA0C83006E064A /* APService.h */ = {isa = PBXFileReference; fileEncoding = 4; lastKnownFileType = sourcecode.c.h; path = APService.h; sourceTree = "<group>"; };
		FE577A651DBA0C83006E064A /* libPushSDK-1.8.8.a */ = {isa = PBXFileReference; lastKnownFileType = archive.ar; path = "libPushSDK-1.8.8.a"; sourceTree = "<group>"; };
		FE577A661DBA0C83006E064A /* PushConfig.plist */ = {isa = PBXFileReference; fileEncoding = 4; lastKnownFileType = text.plist.xml; path = PushConfig.plist; sourceTree = "<group>"; };
		FE577A691DBA0D00006E064A /* CFNetwork.framework */ = {isa = PBXFileReference; lastKnownFileType = wrapper.framework; name = CFNetwork.framework; path = System/Library/Frameworks/CFNetwork.framework; sourceTree = SDKROOT; };
		FE577A6B1DBA0D0B006E064A /* CoreFoundation.framework */ = {isa = PBXFileReference; lastKnownFileType = wrapper.framework; name = CoreFoundation.framework; path = System/Library/Frameworks/CoreFoundation.framework; sourceTree = SDKROOT; };
		FE577A6D1DBA0D1C006E064A /* SystemConfiguration.framework */ = {isa = PBXFileReference; lastKnownFileType = wrapper.framework; name = SystemConfiguration.framework; path = System/Library/Frameworks/SystemConfiguration.framework; sourceTree = SDKROOT; };
		FE577A6F1DBA0D26006E064A /* CoreGraphics.framework */ = {isa = PBXFileReference; lastKnownFileType = wrapper.framework; name = CoreGraphics.framework; path = System/Library/Frameworks/CoreGraphics.framework; sourceTree = SDKROOT; };
		FE577A711DBA0D30006E064A /* Foundation.framework */ = {isa = PBXFileReference; lastKnownFileType = wrapper.framework; name = Foundation.framework; path = System/Library/Frameworks/Foundation.framework; sourceTree = SDKROOT; };
		FE577A731DBA0D35006E064A /* UIKit.framework */ = {isa = PBXFileReference; lastKnownFileType = wrapper.framework; name = UIKit.framework; path = System/Library/Frameworks/UIKit.framework; sourceTree = SDKROOT; };
		FE577A751DBA0D3C006E064A /* Security.framework */ = {isa = PBXFileReference; lastKnownFileType = wrapper.framework; name = Security.framework; path = System/Library/Frameworks/Security.framework; sourceTree = SDKROOT; };
		FE577A771DBA0D58006E064A /* AdSupport.framework */ = {isa = PBXFileReference; lastKnownFileType = wrapper.framework; name = AdSupport.framework; path = System/Library/Frameworks/AdSupport.framework; sourceTree = SDKROOT; };
		FE577A791DBA0D72006E064A /* libresolv.tbd */ = {isa = PBXFileReference; lastKnownFileType = "sourcecode.text-based-dylib-definition"; name = libresolv.tbd; path = usr/lib/libresolv.tbd; sourceTree = SDKROOT; };
		FE577A7B1DBA0D80006E064A /* JWCore.entitlements */ = {isa = PBXFileReference; lastKnownFileType = text.plist.entitlements; path = JWCore.entitlements; sourceTree = "<group>"; };
		FE5824DA1DB4B2F3008052C9 /* Localizable.strings */ = {isa = PBXFileReference; fileEncoding = 4; lastKnownFileType = text.plist.strings; name = Localizable.strings; path = Tool/Localizable.strings; sourceTree = "<group>"; };
		FE5824DC1DB4CF71008052C9 /* ClickImage.h */ = {isa = PBXFileReference; fileEncoding = 4; lastKnownFileType = sourcecode.c.h; path = ClickImage.h; sourceTree = "<group>"; };
		FE5824DD1DB4CF71008052C9 /* ClickImage.m */ = {isa = PBXFileReference; fileEncoding = 4; lastKnownFileType = sourcecode.c.objc; path = ClickImage.m; sourceTree = "<group>"; };
		FE62EC2A1F3AA01D00252CAD /* CommunityViewController.h */ = {isa = PBXFileReference; fileEncoding = 4; lastKnownFileType = sourcecode.c.h; path = CommunityViewController.h; sourceTree = "<group>"; };
		FE62EC2B1F3AA01D00252CAD /* CommunityViewController.m */ = {isa = PBXFileReference; fileEncoding = 4; lastKnownFileType = sourcecode.c.objc; path = CommunityViewController.m; sourceTree = "<group>"; };
		FE62EC2C1F3AA01D00252CAD /* CommunityViewController.xib */ = {isa = PBXFileReference; fileEncoding = 4; lastKnownFileType = file.xib; path = CommunityViewController.xib; sourceTree = "<group>"; };
		FE62EC301F3AA04600252CAD /* CommunityTitleView.h */ = {isa = PBXFileReference; fileEncoding = 4; lastKnownFileType = sourcecode.c.h; path = CommunityTitleView.h; sourceTree = "<group>"; };
		FE62EC311F3AA04600252CAD /* CommunityTitleView.m */ = {isa = PBXFileReference; fileEncoding = 4; lastKnownFileType = sourcecode.c.objc; path = CommunityTitleView.m; sourceTree = "<group>"; };
		FE62EC331F3AA05100252CAD /* CommunityTitleView.xib */ = {isa = PBXFileReference; fileEncoding = 4; lastKnownFileType = file.xib; path = CommunityTitleView.xib; sourceTree = "<group>"; };
		FE62EC361F3AA0EC00252CAD /* MyViewController.h */ = {isa = PBXFileReference; fileEncoding = 4; lastKnownFileType = sourcecode.c.h; path = MyViewController.h; sourceTree = "<group>"; };
		FE62EC371F3AA0EC00252CAD /* MyViewController.m */ = {isa = PBXFileReference; fileEncoding = 4; lastKnownFileType = sourcecode.c.objc; path = MyViewController.m; sourceTree = "<group>"; };
		FE62EC381F3AA0EC00252CAD /* MyViewController.xib */ = {isa = PBXFileReference; fileEncoding = 4; lastKnownFileType = file.xib; path = MyViewController.xib; sourceTree = "<group>"; };
		FE62EC3C1F3AA98700252CAD /* FindViewController.h */ = {isa = PBXFileReference; fileEncoding = 4; lastKnownFileType = sourcecode.c.h; path = FindViewController.h; sourceTree = "<group>"; };
		FE62EC3D1F3AA98700252CAD /* FindViewController.m */ = {isa = PBXFileReference; fileEncoding = 4; lastKnownFileType = sourcecode.c.objc; path = FindViewController.m; sourceTree = "<group>"; };
		FE62EC3E1F3AA98700252CAD /* FindViewController.xib */ = {isa = PBXFileReference; fileEncoding = 4; lastKnownFileType = file.xib; path = FindViewController.xib; sourceTree = "<group>"; };
		FE62EC411F3AAA6B00252CAD /* CommunityHotTopicViewController.h */ = {isa = PBXFileReference; fileEncoding = 4; lastKnownFileType = sourcecode.c.h; path = CommunityHotTopicViewController.h; sourceTree = "<group>"; };
		FE62EC421F3AAA6B00252CAD /* CommunityHotTopicViewController.m */ = {isa = PBXFileReference; fileEncoding = 4; lastKnownFileType = sourcecode.c.objc; path = CommunityHotTopicViewController.m; sourceTree = "<group>"; };
		FE62EC431F3AAA6B00252CAD /* CommunityHotTopicViewController.xib */ = {isa = PBXFileReference; fileEncoding = 4; lastKnownFileType = file.xib; path = CommunityHotTopicViewController.xib; sourceTree = "<group>"; };
		FE62EC461F3AAA9000252CAD /* CommunityAnnouncementViewController.h */ = {isa = PBXFileReference; fileEncoding = 4; lastKnownFileType = sourcecode.c.h; path = CommunityAnnouncementViewController.h; sourceTree = "<group>"; };
		FE62EC471F3AAA9000252CAD /* CommunityAnnouncementViewController.m */ = {isa = PBXFileReference; fileEncoding = 4; lastKnownFileType = sourcecode.c.objc; path = CommunityAnnouncementViewController.m; sourceTree = "<group>"; };
		FE62EC481F3AAA9000252CAD /* CommunityAnnouncementViewController.xib */ = {isa = PBXFileReference; fileEncoding = 4; lastKnownFileType = file.xib; path = CommunityAnnouncementViewController.xib; sourceTree = "<group>"; };
		FE62EC4B1F3AAAB300252CAD /* CommunityHotCell.h */ = {isa = PBXFileReference; fileEncoding = 4; lastKnownFileType = sourcecode.c.h; path = CommunityHotCell.h; sourceTree = "<group>"; };
		FE62EC4C1F3AAAB300252CAD /* CommunityHotCell.m */ = {isa = PBXFileReference; fileEncoding = 4; lastKnownFileType = sourcecode.c.objc; path = CommunityHotCell.m; sourceTree = "<group>"; };
		FE62EC4D1F3AAAB300252CAD /* CommunityHotCell.xib */ = {isa = PBXFileReference; fileEncoding = 4; lastKnownFileType = file.xib; path = CommunityHotCell.xib; sourceTree = "<group>"; };
		FE62EC501F3AAAC900252CAD /* CommunityAnnouncementCell.h */ = {isa = PBXFileReference; fileEncoding = 4; lastKnownFileType = sourcecode.c.h; path = CommunityAnnouncementCell.h; sourceTree = "<group>"; };
		FE62EC511F3AAAC900252CAD /* CommunityAnnouncementCell.m */ = {isa = PBXFileReference; fileEncoding = 4; lastKnownFileType = sourcecode.c.objc; path = CommunityAnnouncementCell.m; sourceTree = "<group>"; };
		FE62EC521F3AAAC900252CAD /* CommunityAnnouncementCell.xib */ = {isa = PBXFileReference; fileEncoding = 4; lastKnownFileType = file.xib; path = CommunityAnnouncementCell.xib; sourceTree = "<group>"; };
		FE62EC561F3AE10F00252CAD /* HomeViewController.h */ = {isa = PBXFileReference; fileEncoding = 4; lastKnownFileType = sourcecode.c.h; path = HomeViewController.h; sourceTree = "<group>"; };
		FE62EC571F3AE10F00252CAD /* HomeViewController.m */ = {isa = PBXFileReference; fileEncoding = 4; lastKnownFileType = sourcecode.c.objc; path = HomeViewController.m; sourceTree = "<group>"; };
		FE62EC581F3AE10F00252CAD /* HomeViewController.xib */ = {isa = PBXFileReference; fileEncoding = 4; lastKnownFileType = file.xib; path = HomeViewController.xib; sourceTree = "<group>"; };
		FE62EC5C1F3AE27200252CAD /* HomeCell.h */ = {isa = PBXFileReference; fileEncoding = 4; lastKnownFileType = sourcecode.c.h; path = HomeCell.h; sourceTree = "<group>"; };
		FE62EC5D1F3AE27200252CAD /* HomeCell.m */ = {isa = PBXFileReference; fileEncoding = 4; lastKnownFileType = sourcecode.c.objc; path = HomeCell.m; sourceTree = "<group>"; };
		FE62EC5E1F3AE27200252CAD /* HomeCell.xib */ = {isa = PBXFileReference; fileEncoding = 4; lastKnownFileType = file.xib; path = HomeCell.xib; sourceTree = "<group>"; };
		FE62EC611F3AE9E600252CAD /* DoubleBallViewController.h */ = {isa = PBXFileReference; fileEncoding = 4; lastKnownFileType = sourcecode.c.h; path = DoubleBallViewController.h; sourceTree = "<group>"; };
		FE62EC621F3AE9E600252CAD /* DoubleBallViewController.m */ = {isa = PBXFileReference; fileEncoding = 4; lastKnownFileType = sourcecode.c.objc; path = DoubleBallViewController.m; sourceTree = "<group>"; };
		FE62EC631F3AE9E600252CAD /* DoubleBallViewController.xib */ = {isa = PBXFileReference; fileEncoding = 4; lastKnownFileType = file.xib; path = DoubleBallViewController.xib; sourceTree = "<group>"; };
		FE62EC661F3B0B8F00252CAD /* Default-568h@2x.png */ = {isa = PBXFileReference; lastKnownFileType = image.png; path = "Default-568h@2x.png"; sourceTree = "<group>"; };
		FE62EC681F3B0E9100252CAD /* HomeHeadView.h */ = {isa = PBXFileReference; fileEncoding = 4; lastKnownFileType = sourcecode.c.h; path = HomeHeadView.h; sourceTree = "<group>"; };
		FE62EC691F3B0E9100252CAD /* HomeHeadView.m */ = {isa = PBXFileReference; fileEncoding = 4; lastKnownFileType = sourcecode.c.objc; path = HomeHeadView.m; sourceTree = "<group>"; };
		FE62EC6B1F3B0EDA00252CAD /* HomeHeadView.xib */ = {isa = PBXFileReference; fileEncoding = 4; lastKnownFileType = file.xib; path = HomeHeadView.xib; sourceTree = "<group>"; };
		FE6F03091F3BF4610083D364 /* HomeCollectionCell.h */ = {isa = PBXFileReference; fileEncoding = 4; lastKnownFileType = sourcecode.c.h; path = HomeCollectionCell.h; sourceTree = "<group>"; };
		FE6F030A1F3BF4610083D364 /* HomeCollectionCell.m */ = {isa = PBXFileReference; fileEncoding = 4; lastKnownFileType = sourcecode.c.objc; path = HomeCollectionCell.m; sourceTree = "<group>"; };
		FE6F030B1F3BF4610083D364 /* HomeCollectionCell.xib */ = {isa = PBXFileReference; fileEncoding = 4; lastKnownFileType = file.xib; path = HomeCollectionCell.xib; sourceTree = "<group>"; };
		FE75BE5A1F3C5A7F00CBE8D2 /* HomeDetailViewController.h */ = {isa = PBXFileReference; fileEncoding = 4; lastKnownFileType = sourcecode.c.h; path = HomeDetailViewController.h; sourceTree = "<group>"; };
		FE75BE5B1F3C5A7F00CBE8D2 /* HomeDetailViewController.m */ = {isa = PBXFileReference; fileEncoding = 4; lastKnownFileType = sourcecode.c.objc; path = HomeDetailViewController.m; sourceTree = "<group>"; };
		FE75BE5C1F3C5A7F00CBE8D2 /* HomeDetailViewController.xib */ = {isa = PBXFileReference; fileEncoding = 4; lastKnownFileType = file.xib; path = HomeDetailViewController.xib; sourceTree = "<group>"; };
		FE75BE5F1F3C5DFE00CBE8D2 /* HomeDetailView.h */ = {isa = PBXFileReference; fileEncoding = 4; lastKnownFileType = sourcecode.c.h; path = HomeDetailView.h; sourceTree = "<group>"; };
		FE75BE601F3C5DFE00CBE8D2 /* HomeDetailView.m */ = {isa = PBXFileReference; fileEncoding = 4; lastKnownFileType = sourcecode.c.objc; path = HomeDetailView.m; sourceTree = "<group>"; };
		FE75BE621F3C5E0800CBE8D2 /* HomeDetailView.xib */ = {isa = PBXFileReference; fileEncoding = 4; lastKnownFileType = file.xib; path = HomeDetailView.xib; sourceTree = "<group>"; };
		FE75BE641F3C627400CBE8D2 /* JWItemsView.h */ = {isa = PBXFileReference; fileEncoding = 4; lastKnownFileType = sourcecode.c.h; path = JWItemsView.h; sourceTree = "<group>"; };
		FE75BE651F3C627400CBE8D2 /* JWItemsView.m */ = {isa = PBXFileReference; fileEncoding = 4; lastKnownFileType = sourcecode.c.objc; path = JWItemsView.m; sourceTree = "<group>"; };
		FE9D44981DB8B39B009EFDAA /* UserNotifications.framework */ = {isa = PBXFileReference; lastKnownFileType = wrapper.framework; name = UserNotifications.framework; path = System/Library/Frameworks/UserNotifications.framework; sourceTree = SDKROOT; };
		FEB14AB81F399CAD00434021 /* JWHTTPRequest.h */ = {isa = PBXFileReference; fileEncoding = 4; lastKnownFileType = sourcecode.c.h; path = JWHTTPRequest.h; sourceTree = "<group>"; };
		FEB14AB91F399CAD00434021 /* JWHTTPRequest.m */ = {isa = PBXFileReference; fileEncoding = 4; lastKnownFileType = sourcecode.c.objc; path = JWHTTPRequest.m; sourceTree = "<group>"; };
		FEB14ABB1F399CC500434021 /* JWResponseModel.h */ = {isa = PBXFileReference; fileEncoding = 4; lastKnownFileType = sourcecode.c.h; path = JWResponseModel.h; sourceTree = "<group>"; };
		FEB14ABC1F399CC500434021 /* JWResponseModel.m */ = {isa = PBXFileReference; fileEncoding = 4; lastKnownFileType = sourcecode.c.objc; path = JWResponseModel.m; sourceTree = "<group>"; };
		FEB14AC11F39A1F200434021 /* UserLogonViewController.h */ = {isa = PBXFileReference; fileEncoding = 4; lastKnownFileType = sourcecode.c.h; path = UserLogonViewController.h; sourceTree = "<group>"; };
		FEB14AC21F39A1F200434021 /* UserLogonViewController.m */ = {isa = PBXFileReference; fileEncoding = 4; lastKnownFileType = sourcecode.c.objc; path = UserLogonViewController.m; sourceTree = "<group>"; };
		FEB14AC31F39A1F200434021 /* UserLogonViewController.xib */ = {isa = PBXFileReference; fileEncoding = 4; lastKnownFileType = file.xib; path = UserLogonViewController.xib; sourceTree = "<group>"; };
		FEB14AC61F39A21100434021 /* UserRegisterViewController.h */ = {isa = PBXFileReference; fileEncoding = 4; lastKnownFileType = sourcecode.c.h; path = UserRegisterViewController.h; sourceTree = "<group>"; };
		FEB14AC71F39A21100434021 /* UserRegisterViewController.m */ = {isa = PBXFileReference; fileEncoding = 4; lastKnownFileType = sourcecode.c.objc; path = UserRegisterViewController.m; sourceTree = "<group>"; };
		FEB14AC81F39A21100434021 /* UserRegisterViewController.xib */ = {isa = PBXFileReference; fileEncoding = 4; lastKnownFileType = file.xib; path = UserRegisterViewController.xib; sourceTree = "<group>"; };
/* End PBXFileReference section */

/* Begin PBXFrameworksBuildPhase section */
		04E735541CFC0ABF007F51C4 /* Frameworks */ = {
			isa = PBXFrameworksBuildPhase;
			buildActionMask = 2147483647;
			files = (
				FE577A7A1DBA0D72006E064A /* libresolv.tbd in Frameworks */,
				FE9D44991DB8B39B009EFDAA /* UserNotifications.framework in Frameworks */,
				FE577A781DBA0D58006E064A /* AdSupport.framework in Frameworks */,
				0457BB751CFD66B200FEBBC5 /* libz.tbd in Frameworks */,
				FE577A761DBA0D3C006E064A /* Security.framework in Frameworks */,
				FE577A741DBA0D35006E064A /* UIKit.framework in Frameworks */,
				FE577A721DBA0D30006E064A /* Foundation.framework in Frameworks */,
				FE577A701DBA0D26006E064A /* CoreGraphics.framework in Frameworks */,
				FE577A6E1DBA0D1C006E064A /* SystemConfiguration.framework in Frameworks */,
				0457BB731CFD669B00FEBBC5 /* CoreTelephony.framework in Frameworks */,
				FE577A6C1DBA0D0B006E064A /* CoreFoundation.framework in Frameworks */,
				FE577A6A1DBA0D00006E064A /* CFNetwork.framework in Frameworks */,
				04FC0BA81D8FC57E00A8BC47 /* CoreLocation.framework in Frameworks */,
				04FC0B791D8F980200A8BC47 /* libstdc++.6.0.9.tbd in Frameworks */,
				04FC0B771D8F97E500A8BC47 /* AddressBook.framework in Frameworks */,
				FE577A671DBA0C83006E064A /* libPushSDK-1.8.8.a in Frameworks */,
				04B86D7B1D7FA72B00FAEF35 /* QuartzCore.framework in Frameworks */,
				0457BB771CFD66DB00FEBBC5 /* libsqlite3.tbd in Frameworks */,
				04AAE7381CFD975B0086CD98 /* ImageIO.framework in Frameworks */,
				04AAE7361CFD97500086CD98 /* JavaScriptCore.framework in Frameworks */,
				04AAE7341CFD97420086CD98 /* libstdc++.tbd in Frameworks */,
				04AAE7321CFD97230086CD98 /* libicucore.tbd in Frameworks */,
				A9938FE60C91147F6E2BCE4C /* libPods-JWCore.a in Frameworks */,
			);
			runOnlyForDeploymentPostprocessing = 0;
		};
		04E7356D1CFC0AC0007F51C4 /* Frameworks */ = {
			isa = PBXFrameworksBuildPhase;
			buildActionMask = 2147483647;
			files = (
			);
			runOnlyForDeploymentPostprocessing = 0;
		};
/* End PBXFrameworksBuildPhase section */

/* Begin PBXGroup section */
		0426A5DE1D795AF6000DBAF4 /* ViewController */ = {
			isa = PBXGroup;
			children = (
				FE62EC551F3AE0F900252CAD /* Home */,
				FE62EC3B1F3AA97700252CAD /* Find */,
				FE62EC351F3AA0D100252CAD /* My */,
				FE62EC291F3AA00400252CAD /* Community */,
				04FEF9971D879327004C4520 /* WebViewController.h */,
				04FEF9981D879327004C4520 /* WebViewController.m */,
				04FEF9991D879327004C4520 /* WebViewController.xib */,
				FEB14AC11F39A1F200434021 /* UserLogonViewController.h */,
				FEB14AC21F39A1F200434021 /* UserLogonViewController.m */,
				FEB14AC31F39A1F200434021 /* UserLogonViewController.xib */,
				FEB14AC61F39A21100434021 /* UserRegisterViewController.h */,
				FEB14AC71F39A21100434021 /* UserRegisterViewController.m */,
				FEB14AC81F39A21100434021 /* UserRegisterViewController.xib */,
			);
			path = ViewController;
			sourceTree = "<group>";
		};
		0426A5DF1D795B16000DBAF4 /* Model */ = {
			isa = PBXGroup;
			children = (
				FE4E98061F46D6BD00E5C08D /* Home */,
				048EE0581D8287D400AE18B5 /* user */,
			);
			path = Model;
			sourceTree = "<group>";
		};
		0426A5E81D795B3A000DBAF4 /* Vendor */ = {
			isa = PBXGroup;
			children = (
			);
			path = Vendor;
			sourceTree = "<group>";
		};
		0432C9331D7D54F200184E14 /* Tool */ = {
			isa = PBXGroup;
			children = (
				FE577A631DBA0C83006E064A /* JPush */,
				FE4830DB1DACC4FD001ABB17 /* city.json */,
				FE5824DC1DB4CF71008052C9 /* ClickImage.h */,
				FE5824DD1DB4CF71008052C9 /* ClickImage.m */,
				04FEF99C1D87A9D7004C4520 /* ImagePlayerView.h */,
				04FEF99D1D87A9D7004C4520 /* ImagePlayerView.m */,
				04FC0B951D8FC39B00A8BC47 /* DHSmartScreenshot */,
				0432C9371D7D550B00184E14 /* WebProgressView */,
			);
			path = Tool;
			sourceTree = "<group>";
		};
		0432C9371D7D550B00184E14 /* WebProgressView */ = {
			isa = PBXGroup;
			children = (
				0432C9381D7D550B00184E14 /* YHWebViewProgress.h */,
				0432C9391D7D550B00184E14 /* YHWebViewProgress.m */,
				0432C93A1D7D550B00184E14 /* YHWebViewProgressView.h */,
				0432C93B1D7D550B00184E14 /* YHWebViewProgressView.m */,
				0432C93C1D7D550B00184E14 /* YHWebViewProgressViewProtocol.h */,
			);
			path = WebProgressView;
			sourceTree = "<group>";
		};
		043F25FB1CFC0FDB000A294B /* Common */ = {
			isa = PBXGroup;
			children = (
				043F263B1CFC12BD000A294B /* Custom */,
				043F26231CFC1215000A294B /* PodsAgent */,
				043F26031CFC1104000A294B /* Category */,
			);
			path = Common;
			sourceTree = "<group>";
		};
		043F25FD1CFC1009000A294B /* Configure */ = {
			isa = PBXGroup;
			children = (
				0457BB781CFD687700FEBBC5 /* Macro.h */,
				0457BB791CFD68FB00FEBBC5 /* SystemConfigure.h */,
				0457BB7A1CFD68FB00FEBBC5 /* SystemConfigure.m */,
				046298C51CFC174A006050EB /* SysParams.h */,
				046298C61CFC174A006050EB /* SysParams.m */,
				046298C71CFC174A006050EB /* SysFunctions.h */,
				046298C81CFC174A006050EB /* SysFunctions.m */,
			);
			path = Configure;
			sourceTree = "<group>";
		};
		043F26011CFC104A000A294B /* ViewModel */ = {
			isa = PBXGroup;
			children = (
				0432C9111D7D4DEB00184E14 /* RequestAddress.h */,
				FEB14ABB1F399CC500434021 /* JWResponseModel.h */,
				FEB14ABC1F399CC500434021 /* JWResponseModel.m */,
				FE4E98071F46DEC900E5C08D /* HTTPRequest.h */,
				FE4E98081F46DEC900E5C08D /* HTTPRequest.m */,
				FE4E98091F46DEC900E5C08D /* ViewModel.h */,
				FE4E980A1F46DEC900E5C08D /* ViewModel.m */,
			);
			path = ViewModel;
			sourceTree = "<group>";
		};
		043F26031CFC1104000A294B /* Category */ = {
			isa = PBXGroup;
			children = (
				043F26041CFC1104000A294B /* NSDate+Extra.h */,
				043F26051CFC1104000A294B /* NSDate+Extra.m */,
				043F26061CFC1104000A294B /* NSDictionary+Extra.h */,
				043F26071CFC1104000A294B /* NSDictionary+Extra.m */,
				043F260A1CFC1104000A294B /* NSString+Extra.h */,
				043F260B1CFC1104000A294B /* NSString+Extra.m */,
				043F260C1CFC1104000A294B /* UIDevice+Extra.h */,
				043F260D1CFC1104000A294B /* UIDevice+Extra.m */,
				043F26101CFC1104000A294B /* UITextField+Extra.h */,
				043F26111CFC1104000A294B /* UITextField+Extra.m */,
				043F26121CFC1104000A294B /* UIView+Extra.h */,
				043F26131CFC1104000A294B /* UIView+Extra.m */,
				043F26141CFC1104000A294B /* UIViewController+PushBackAnimation.h */,
				043F26151CFC1104000A294B /* UIViewController+PushBackAnimation.m */,
				0426A6111D796CEC000DBAF4 /* UINavigationController+NavigationBar.h */,
				0426A6121D796CEC000DBAF4 /* UINavigationController+NavigationBar.m */,
				043F26161CFC1104000A294B /* UIWebView+ClearCache.h */,
				043F26171CFC1104000A294B /* UIWebView+ClearCache.m */,
				046298D41CFC2666006050EB /* NSObject+Extra.h */,
				046298D51CFC2666006050EB /* NSObject+Extra.m */,
				046298E21CFC384A006050EB /* UIView+Snapshot.h */,
				046298E31CFC384A006050EB /* UIView+Snapshot.m */,
				04E5D1181D000B6C00DB97CB /* UITableView+EmptyData.h */,
				04E5D1191D000B6C00DB97CB /* UITableView+EmptyData.m */,
				043165621D80074B00373D7E /* UITableViewCell+Animation.h */,
				043165631D80074B00373D7E /* UITableViewCell+Animation.m */,
				04CCA4C31D7EB9450033730D /* UINavigationItem+Margin.h */,
				04CCA4C41D7EB9450033730D /* UINavigationItem+Margin.m */,
				048EE0521D8285D500AE18B5 /* JWRegex.h */,
				048EE0531D8285D500AE18B5 /* JWRegex.m */,
			);
			path = Category;
			sourceTree = "<group>";
		};
		043F26231CFC1215000A294B /* PodsAgent */ = {
			isa = PBXGroup;
			children = (
				FEB14AB81F399CAD00434021 /* JWHTTPRequest.h */,
				FEB14AB91F399CAD00434021 /* JWHTTPRequest.m */,
				04DCA6601CFEB1DF0017EDBC /* JWProgressView.h */,
				04DCA6611CFEB1DF0017EDBC /* JWProgressView.m */,
				0457BB7C1CFD734C00FEBBC5 /* JWShare.h */,
				0457BB7D1CFD734C00FEBBC5 /* JWShare.m */,
				04DCA66B1CFEB7E00017EDBC /* Table */,
			);
			path = PodsAgent;
			sourceTree = "<group>";
		};
		043F263B1CFC12BD000A294B /* Custom */ = {
			isa = PBXGroup;
			children = (
				043A87B31D868C570050FF2F /* JWSummitFile.h */,
				043A87B41D868C570050FF2F /* JWSummitFile.m */,
				048EE05F1D82B8DC00AE18B5 /* JWImagePicker.h */,
				048EE0601D82B8DC00AE18B5 /* JWImagePicker.m */,
				043A87AD1D868A120050FF2F /* JWDatePicker.h */,
				043A87AE1D868A120050FF2F /* JWDatePicker.m */,
				043A87AF1D868A120050FF2F /* JWPickerView.h */,
				043A87B01D868A120050FF2F /* JWPickerView.m */,
				04DCA6641CFEB61D0017EDBC /* JWImageLoadConnection.h */,
				04DCA6651CFEB61D0017EDBC /* JWImageLoadConnection.m */,
				044768E81D87DDCF00BCDA27 /* JWRequestExceptionAlertView.h */,
				044768E91D87DDCF00BCDA27 /* JWRequestExceptionAlertView.m */,
				044768EB1D87DDF700BCDA27 /* JWRequestExceptionAlertView.xib */,
			);
			path = Custom;
			sourceTree = "<group>";
		};
		043F26441CFC13DF000A294B /* PrefixHeader */ = {
			isa = PBXGroup;
			children = (
				046298BD1CFC1533006050EB /* PrefixHeader.pch */,
			);
			path = PrefixHeader;
			sourceTree = "<group>";
		};
		048EE0581D8287D400AE18B5 /* user */ = {
			isa = PBXGroup;
			children = (
				048EE0591D82880900AE18B5 /* UserLogonModel.h */,
				048EE05A1D82880900AE18B5 /* UserLogonModel.m */,
			);
			path = user;
			sourceTree = "<group>";
		};
		04979D841D83E3A40084F73B /* View */ = {
			isa = PBXGroup;
			children = (
				FE62EC5B1F3AE25400252CAD /* Home */,
				FE62EC2F1F3AA02600252CAD /* Community */,
				044768ED1D87F43600BCDA27 /* SPLaughView.h */,
				044768EE1D87F43600BCDA27 /* SPLaughView.m */,
				044768EF1D87F43600BCDA27 /* SPLaughView.xib */,
			);
			path = View;
			sourceTree = "<group>";
		};
		04DCA66B1CFEB7E00017EDBC /* Table */ = {
			isa = PBXGroup;
			children = (
				04DCA66D1CFEB7E00017EDBC /* JWTableView.h */,
				04DCA66E1CFEB7E00017EDBC /* JWTableView.m */,
				04DCA66F1CFEB7E00017EDBC /* MJCustomGifFooter.h */,
				04DCA6701CFEB7E00017EDBC /* MJCustomGifFooter.m */,
				04DCA6711CFEB7E00017EDBC /* MJCustomGifHeader.h */,
				04DCA6721CFEB7E00017EDBC /* MJCustomGifHeader.m */,
				04DCA6751CFEB7E00017EDBC /* MJRefreshManager.h */,
				04DCA6761CFEB7E10017EDBC /* MJRefreshManager.m */,
			);
			path = Table;
			sourceTree = "<group>";
		};
		04E7354E1CFC0ABF007F51C4 = {
			isa = PBXGroup;
			children = (
				04E735591CFC0AC0007F51C4 /* JWCore */,
				04E735731CFC0AC0007F51C4 /* JWCoreTests */,
				04E735581CFC0ABF007F51C4 /* Products */,
				057BFE525CC1C53964155C0D /* Frameworks */,
				D483082F3D82FD253B41492B /* Pods */,
			);
			sourceTree = "<group>";
		};
		04E735581CFC0ABF007F51C4 /* Products */ = {
			isa = PBXGroup;
			children = (
				04E735571CFC0ABF007F51C4 /* JWCore.app */,
				04E735701CFC0AC0007F51C4 /* JWCoreTests.xctest */,
			);
			name = Products;
			sourceTree = "<group>";
		};
		04E735591CFC0AC0007F51C4 /* JWCore */ = {
			isa = PBXGroup;
			children = (
				FE577A7B1DBA0D80006E064A /* JWCore.entitlements */,
				043F25FD1CFC1009000A294B /* Configure */,
				0432C9331D7D54F200184E14 /* Tool */,
				0426A5E81D795B3A000DBAF4 /* Vendor */,
				043F25FB1CFC0FDB000A294B /* Common */,
				043F26011CFC104A000A294B /* ViewModel */,
				04979D841D83E3A40084F73B /* View */,
				0426A5DF1D795B16000DBAF4 /* Model */,
				0426A5DE1D795AF6000DBAF4 /* ViewController */,
				04629FA21CFEE3D4005F2A46 /* BaseViewController.h */,
				04629FA31CFEE3D4005F2A46 /* BaseViewController.m */,
				044768F21D87F7F400BCDA27 /* RootNavigationViewController.h */,
				044768F31D87F7F400BCDA27 /* RootNavigationViewController.m */,
				0426A55A1D795992000DBAF4 /* RootTabbarViewController.h */,
				0426A55B1D795992000DBAF4 /* RootTabbarViewController.m */,
				04E7355D1CFC0AC0007F51C4 /* AppDelegate.h */,
				04E7355E1CFC0AC0007F51C4 /* AppDelegate.m */,
				04E735631CFC0AC0007F51C4 /* Main.storyboard */,
				FE62EC661F3B0B8F00252CAD /* Default-568h@2x.png */,
				04E735661CFC0AC0007F51C4 /* Assets.xcassets */,
				04E735681CFC0AC0007F51C4 /* LaunchScreen.storyboard */,
				04E7356B1CFC0AC0007F51C4 /* Info.plist */,
				FE5824DA1DB4B2F3008052C9 /* Localizable.strings */,
				043F26441CFC13DF000A294B /* PrefixHeader */,
				04E7355A1CFC0AC0007F51C4 /* Supporting Files */,
			);
			path = JWCore;
			sourceTree = "<group>";
		};
		04E7355A1CFC0AC0007F51C4 /* Supporting Files */ = {
			isa = PBXGroup;
			children = (
				04E7355B1CFC0AC0007F51C4 /* main.m */,
			);
			name = "Supporting Files";
			sourceTree = "<group>";
		};
		04E735731CFC0AC0007F51C4 /* JWCoreTests */ = {
			isa = PBXGroup;
			children = (
				04E735741CFC0AC0007F51C4 /* JWCoreTests.m */,
				04E735761CFC0AC0007F51C4 /* Info.plist */,
			);
			path = JWCoreTests;
			sourceTree = "<group>";
		};
		04FC0B951D8FC39B00A8BC47 /* DHSmartScreenshot */ = {
			isa = PBXGroup;
			children = (
				04FC0B961D8FC39B00A8BC47 /* DHSmartScreenshot.h */,
				04FC0B971D8FC39B00A8BC47 /* UIImage+DHImageAdditions.h */,
				04FC0B981D8FC39B00A8BC47 /* UIImage+DHImageAdditions.m */,
				04FC0B991D8FC39B00A8BC47 /* UIScrollView+DHSmartScreenshot.h */,
				04FC0B9A1D8FC39B00A8BC47 /* UIScrollView+DHSmartScreenshot.m */,
				04FC0B9B1D8FC39B00A8BC47 /* UITableView+DHSmartScreenshot.h */,
				04FC0B9C1D8FC39B00A8BC47 /* UITableView+DHSmartScreenshot.m */,
				04FC0B9D1D8FC39B00A8BC47 /* UIView+DHSmartScreenshot.h */,
				04FC0B9E1D8FC39B00A8BC47 /* UIView+DHSmartScreenshot.m */,
			);
			path = DHSmartScreenshot;
			sourceTree = "<group>";
		};
		057BFE525CC1C53964155C0D /* Frameworks */ = {
			isa = PBXGroup;
			children = (
				FE577A791DBA0D72006E064A /* libresolv.tbd */,
				FE577A771DBA0D58006E064A /* AdSupport.framework */,
				FE577A751DBA0D3C006E064A /* Security.framework */,
				FE577A731DBA0D35006E064A /* UIKit.framework */,
				FE577A711DBA0D30006E064A /* Foundation.framework */,
				FE577A6F1DBA0D26006E064A /* CoreGraphics.framework */,
				FE577A6D1DBA0D1C006E064A /* SystemConfiguration.framework */,
				FE577A6B1DBA0D0B006E064A /* CoreFoundation.framework */,
				FE577A691DBA0D00006E064A /* CFNetwork.framework */,
				FE9D44981DB8B39B009EFDAA /* UserNotifications.framework */,
				04FC0BA71D8FC57E00A8BC47 /* CoreLocation.framework */,
				04FC0BA51D8FC46E00A8BC47 /* AVFoundation.framework */,
				04FC0BA31D8FC3D500A8BC47 /* AudioToolbox.framework */,
				04FC0B781D8F980200A8BC47 /* libstdc++.6.0.9.tbd */,
				04FC0B761D8F97E500A8BC47 /* AddressBook.framework */,
				04B86D7A1D7FA72B00FAEF35 /* QuartzCore.framework */,
				04AAE7371CFD975B0086CD98 /* ImageIO.framework */,
				04AAE7351CFD97500086CD98 /* JavaScriptCore.framework */,
				04AAE7331CFD97420086CD98 /* libstdc++.tbd */,
				04AAE7311CFD97230086CD98 /* libicucore.tbd */,
				0457BB761CFD66DB00FEBBC5 /* libsqlite3.tbd */,
				0457BB741CFD66B200FEBBC5 /* libz.tbd */,
				0457BB721CFD669B00FEBBC5 /* CoreTelephony.framework */,
				544F97D2E6BCEE5D7ACF2B60 /* libPods-JWCore.a */,
			);
			name = Frameworks;
			sourceTree = "<group>";
		};
		D483082F3D82FD253B41492B /* Pods */ = {
			isa = PBXGroup;
			children = (
				0239D36912F71696041F8C9D /* Pods-JWCore.debug.xcconfig */,
				A7D4D72B926254A6A0B17F35 /* Pods-JWCore.release.xcconfig */,
			);
			name = Pods;
			sourceTree = "<group>";
		};
		FE4E98061F46D6BD00E5C08D /* Home */ = {
			isa = PBXGroup;
			children = (
				FE4E98031F46D6B200E5C08D /* HomeVisitModel.h */,
				FE4E98041F46D6B200E5C08D /* HomeVisitModel.m */,
			);
			name = Home;
			sourceTree = "<group>";
		};
		FE577A631DBA0C83006E064A /* JPush */ = {
			isa = PBXGroup;
			children = (
				FE577A641DBA0C83006E064A /* APService.h */,
				FE577A651DBA0C83006E064A /* libPushSDK-1.8.8.a */,
				FE577A661DBA0C83006E064A /* PushConfig.plist */,
			);
			path = JPush;
			sourceTree = "<group>";
		};
		FE62EC291F3AA00400252CAD /* Community */ = {
			isa = PBXGroup;
			children = (
				FE62EC2A1F3AA01D00252CAD /* CommunityViewController.h */,
				FE62EC2B1F3AA01D00252CAD /* CommunityViewController.m */,
				FE62EC2C1F3AA01D00252CAD /* CommunityViewController.xib */,
				FE62EC411F3AAA6B00252CAD /* CommunityHotTopicViewController.h */,
				FE62EC421F3AAA6B00252CAD /* CommunityHotTopicViewController.m */,
				FE62EC431F3AAA6B00252CAD /* CommunityHotTopicViewController.xib */,
				FE62EC461F3AAA9000252CAD /* CommunityAnnouncementViewController.h */,
				FE62EC471F3AAA9000252CAD /* CommunityAnnouncementViewController.m */,
				FE62EC481F3AAA9000252CAD /* CommunityAnnouncementViewController.xib */,
			);
			name = Community;
			sourceTree = "<group>";
		};
		FE62EC2F1F3AA02600252CAD /* Community */ = {
			isa = PBXGroup;
			children = (
				FE62EC301F3AA04600252CAD /* CommunityTitleView.h */,
				FE62EC311F3AA04600252CAD /* CommunityTitleView.m */,
				FE62EC331F3AA05100252CAD /* CommunityTitleView.xib */,
				FE62EC4B1F3AAAB300252CAD /* CommunityHotCell.h */,
				FE62EC4C1F3AAAB300252CAD /* CommunityHotCell.m */,
				FE62EC4D1F3AAAB300252CAD /* CommunityHotCell.xib */,
				FE62EC501F3AAAC900252CAD /* CommunityAnnouncementCell.h */,
				FE62EC511F3AAAC900252CAD /* CommunityAnnouncementCell.m */,
				FE62EC521F3AAAC900252CAD /* CommunityAnnouncementCell.xib */,
			);
			name = Community;
			sourceTree = "<group>";
		};
		FE62EC351F3AA0D100252CAD /* My */ = {
			isa = PBXGroup;
			children = (
				FE62EC361F3AA0EC00252CAD /* MyViewController.h */,
				FE62EC371F3AA0EC00252CAD /* MyViewController.m */,
				FE62EC381F3AA0EC00252CAD /* MyViewController.xib */,
			);
			name = My;
			sourceTree = "<group>";
		};
		FE62EC3B1F3AA97700252CAD /* Find */ = {
			isa = PBXGroup;
			children = (
				FE62EC3C1F3AA98700252CAD /* FindViewController.h */,
				FE62EC3D1F3AA98700252CAD /* FindViewController.m */,
				FE62EC3E1F3AA98700252CAD /* FindViewController.xib */,
			);
			name = Find;
			sourceTree = "<group>";
		};
		FE62EC551F3AE0F900252CAD /* Home */ = {
			isa = PBXGroup;
			children = (
				FE62EC561F3AE10F00252CAD /* HomeViewController.h */,
				FE62EC571F3AE10F00252CAD /* HomeViewController.m */,
				FE62EC581F3AE10F00252CAD /* HomeViewController.xib */,
				FE62EC611F3AE9E600252CAD /* DoubleBallViewController.h */,
				FE62EC621F3AE9E600252CAD /* DoubleBallViewController.m */,
				FE62EC631F3AE9E600252CAD /* DoubleBallViewController.xib */,
				FE75BE5A1F3C5A7F00CBE8D2 /* HomeDetailViewController.h */,
				FE75BE5B1F3C5A7F00CBE8D2 /* HomeDetailViewController.m */,
				FE75BE5C1F3C5A7F00CBE8D2 /* HomeDetailViewController.xib */,
			);
			name = Home;
			sourceTree = "<group>";
		};
		FE62EC5B1F3AE25400252CAD /* Home */ = {
			isa = PBXGroup;
			children = (
				FE62EC5C1F3AE27200252CAD /* HomeCell.h */,
				FE62EC5D1F3AE27200252CAD /* HomeCell.m */,
				FE62EC5E1F3AE27200252CAD /* HomeCell.xib */,
				FE62EC681F3B0E9100252CAD /* HomeHeadView.h */,
				FE62EC691F3B0E9100252CAD /* HomeHeadView.m */,
				FE62EC6B1F3B0EDA00252CAD /* HomeHeadView.xib */,
				FE6F03091F3BF4610083D364 /* HomeCollectionCell.h */,
				FE6F030A1F3BF4610083D364 /* HomeCollectionCell.m */,
				FE6F030B1F3BF4610083D364 /* HomeCollectionCell.xib */,
				FE75BE5F1F3C5DFE00CBE8D2 /* HomeDetailView.h */,
				FE75BE601F3C5DFE00CBE8D2 /* HomeDetailView.m */,
				FE75BE621F3C5E0800CBE8D2 /* HomeDetailView.xib */,
				FE75BE641F3C627400CBE8D2 /* JWItemsView.h */,
				FE75BE651F3C627400CBE8D2 /* JWItemsView.m */,
			);
			name = Home;
			sourceTree = "<group>";
		};
/* End PBXGroup section */

/* Begin PBXNativeTarget section */
		04E735561CFC0ABF007F51C4 /* JWCore */ = {
			isa = PBXNativeTarget;
			buildConfigurationList = 04E735791CFC0AC0007F51C4 /* Build configuration list for PBXNativeTarget "JWCore" */;
			buildPhases = (
				C428EC016F91CA8679FE2030 /* [CP] Check Pods Manifest.lock */,
				04E735531CFC0ABF007F51C4 /* Sources */,
				04E735541CFC0ABF007F51C4 /* Frameworks */,
				04E735551CFC0ABF007F51C4 /* Resources */,
				656D8518FB0F04DDDED61DE5 /* [CP] Embed Pods Frameworks */,
				1DF564AA478F56E1FDFDB695 /* [CP] Copy Pods Resources */,
			);
			buildRules = (
			);
			dependencies = (
			);
			name = JWCore;
			productName = JWCore;
			productReference = 04E735571CFC0ABF007F51C4 /* JWCore.app */;
			productType = "com.apple.product-type.application";
		};
		04E7356F1CFC0AC0007F51C4 /* JWCoreTests */ = {
			isa = PBXNativeTarget;
			buildConfigurationList = 04E7357C1CFC0AC0007F51C4 /* Build configuration list for PBXNativeTarget "JWCoreTests" */;
			buildPhases = (
				04E7356C1CFC0AC0007F51C4 /* Sources */,
				04E7356D1CFC0AC0007F51C4 /* Frameworks */,
				04E7356E1CFC0AC0007F51C4 /* Resources */,
			);
			buildRules = (
			);
			dependencies = (
				04E735721CFC0AC0007F51C4 /* PBXTargetDependency */,
			);
			name = JWCoreTests;
			productName = JWCoreTests;
			productReference = 04E735701CFC0AC0007F51C4 /* JWCoreTests.xctest */;
			productType = "com.apple.product-type.bundle.unit-test";
		};
/* End PBXNativeTarget section */

/* Begin PBXProject section */
		04E7354F1CFC0ABF007F51C4 /* Project object */ = {
			isa = PBXProject;
			attributes = {
				LastUpgradeCheck = 0730;
				ORGANIZATIONNAME = WWJ;
				TargetAttributes = {
					04E735561CFC0ABF007F51C4 = {
						CreatedOnToolsVersion = 7.3;
						DevelopmentTeam = VV4EY4UP8Q;
						ProvisioningStyle = Automatic;
						SystemCapabilities = {
							com.apple.BackgroundModes = {
								enabled = 1;
							};
							com.apple.Push = {
								enabled = 1;
							};
						};
					};
					04E7356F1CFC0AC0007F51C4 = {
						CreatedOnToolsVersion = 7.3;
						TestTargetID = 04E735561CFC0ABF007F51C4;
					};
				};
			};
			buildConfigurationList = 04E735521CFC0ABF007F51C4 /* Build configuration list for PBXProject "JWCore" */;
			compatibilityVersion = "Xcode 3.2";
			developmentRegion = English;
			hasScannedForEncodings = 0;
			knownRegions = (
				en,
				Base,
				"zh-Hans",
			);
			mainGroup = 04E7354E1CFC0ABF007F51C4;
			productRefGroup = 04E735581CFC0ABF007F51C4 /* Products */;
			projectDirPath = "";
			projectRoot = "";
			targets = (
				04E735561CFC0ABF007F51C4 /* JWCore */,
				04E7356F1CFC0AC0007F51C4 /* JWCoreTests */,
			);
		};
/* End PBXProject section */

/* Begin PBXResourcesBuildPhase section */
		04E735551CFC0ABF007F51C4 /* Resources */ = {
			isa = PBXResourcesBuildPhase;
			buildActionMask = 2147483647;
			files = (
				FE62EC651F3AE9E600252CAD /* DoubleBallViewController.xib in Resources */,
				FE62EC3A1F3AA0EC00252CAD /* MyViewController.xib in Resources */,
				FE75BE631F3C5E0800CBE8D2 /* HomeDetailView.xib in Resources */,
				FE62EC4F1F3AAAB300252CAD /* CommunityHotCell.xib in Resources */,
				FE62EC541F3AAAC900252CAD /* CommunityAnnouncementCell.xib in Resources */,
				04E7356A1CFC0AC0007F51C4 /* LaunchScreen.storyboard in Resources */,
				FE62EC451F3AAA6B00252CAD /* CommunityHotTopicViewController.xib in Resources */,
				04E735671CFC0AC0007F51C4 /* Assets.xcassets in Resources */,
				FE5824DB1DB4B2F3008052C9 /* Localizable.strings in Resources */,
				FE62EC601F3AE27200252CAD /* HomeCell.xib in Resources */,
				FE62EC5A1F3AE10F00252CAD /* HomeViewController.xib in Resources */,
				04E735651CFC0AC0007F51C4 /* Main.storyboard in Resources */,
				FE62EC2E1F3AA01D00252CAD /* CommunityViewController.xib in Resources */,
				FE4830DC1DACC4FD001ABB17 /* city.json in Resources */,
				04FEF99B1D879327004C4520 /* WebViewController.xib in Resources */,
				FE62EC341F3AA05100252CAD /* CommunityTitleView.xib in Resources */,
				FEB14ACA1F39A21100434021 /* UserRegisterViewController.xib in Resources */,
				FE6F030D1F3BF4610083D364 /* HomeCollectionCell.xib in Resources */,
				FE62EC401F3AA98700252CAD /* FindViewController.xib in Resources */,
				FE62EC671F3B0B8F00252CAD /* Default-568h@2x.png in Resources */,
				044768EC1D87DDF700BCDA27 /* JWRequestExceptionAlertView.xib in Resources */,
				FE62EC4A1F3AAA9000252CAD /* CommunityAnnouncementViewController.xib in Resources */,
				FEB14AC51F39A1F200434021 /* UserLogonViewController.xib in Resources */,
				FE75BE5E1F3C5A7F00CBE8D2 /* HomeDetailViewController.xib in Resources */,
				044768F11D87F43600BCDA27 /* SPLaughView.xib in Resources */,
				FE577A681DBA0C83006E064A /* PushConfig.plist in Resources */,
				FE62EC6C1F3B0EDA00252CAD /* HomeHeadView.xib in Resources */,
			);
			runOnlyForDeploymentPostprocessing = 0;
		};
		04E7356E1CFC0AC0007F51C4 /* Resources */ = {
			isa = PBXResourcesBuildPhase;
			buildActionMask = 2147483647;
			files = (
			);
			runOnlyForDeploymentPostprocessing = 0;
		};
/* End PBXResourcesBuildPhase section */

/* Begin PBXShellScriptBuildPhase section */
		1DF564AA478F56E1FDFDB695 /* [CP] Copy Pods Resources */ = {
			isa = PBXShellScriptBuildPhase;
			buildActionMask = 2147483647;
			files = (
			);
			inputPaths = (
			);
			name = "[CP] Copy Pods Resources";
			outputPaths = (
			);
			runOnlyForDeploymentPostprocessing = 0;
			shellPath = /bin/sh;
			shellScript = "\"${SRCROOT}/Pods/Target Support Files/Pods-JWCore/Pods-JWCore-resources.sh\"\n";
			showEnvVarsInLog = 0;
		};
		656D8518FB0F04DDDED61DE5 /* [CP] Embed Pods Frameworks */ = {
			isa = PBXShellScriptBuildPhase;
			buildActionMask = 2147483647;
			files = (
			);
			inputPaths = (
			);
			name = "[CP] Embed Pods Frameworks";
			outputPaths = (
			);
			runOnlyForDeploymentPostprocessing = 0;
			shellPath = /bin/sh;
			shellScript = "\"${SRCROOT}/Pods/Target Support Files/Pods-JWCore/Pods-JWCore-frameworks.sh\"\n";
			showEnvVarsInLog = 0;
		};
		C428EC016F91CA8679FE2030 /* [CP] Check Pods Manifest.lock */ = {
			isa = PBXShellScriptBuildPhase;
			buildActionMask = 2147483647;
			files = (
			);
			inputPaths = (
			);
			name = "[CP] Check Pods Manifest.lock";
			outputPaths = (
			);
			runOnlyForDeploymentPostprocessing = 0;
			shellPath = /bin/sh;
			shellScript = "diff \"${PODS_ROOT}/../Podfile.lock\" \"${PODS_ROOT}/Manifest.lock\" > /dev/null\nif [[ $? != 0 ]] ; then\n    cat << EOM\nerror: The sandbox is not in sync with the Podfile.lock. Run 'pod install' or update your CocoaPods installation.\nEOM\n    exit 1\nfi\n";
			showEnvVarsInLog = 0;
		};
/* End PBXShellScriptBuildPhase section */

/* Begin PBXSourcesBuildPhase section */
		04E735531CFC0ABF007F51C4 /* Sources */ = {
			isa = PBXSourcesBuildPhase;
			buildActionMask = 2147483647;
			files = (
				043F261C1CFC1104000A294B /* UIDevice+Extra.m in Sources */,
				043A87B51D868C570050FF2F /* JWSummitFile.m in Sources */,
				FE75BE611F3C5DFE00CBE8D2 /* HomeDetailView.m in Sources */,
				FEB14AC91F39A21100434021 /* UserRegisterViewController.m in Sources */,
				FE62EC4E1F3AAAB300252CAD /* CommunityHotCell.m in Sources */,
				FE6F030C1F3BF4610083D364 /* HomeCollectionCell.m in Sources */,
				04629FA41CFEE3D4005F2A46 /* BaseViewController.m in Sources */,
				04DCA6781CFEB7E10017EDBC /* MJCustomGifFooter.m in Sources */,
				044768F01D87F43600BCDA27 /* SPLaughView.m in Sources */,
				04DCA67B1CFEB7E10017EDBC /* MJRefreshManager.m in Sources */,
				04DCA6771CFEB7E10017EDBC /* JWTableView.m in Sources */,
				043F26211CFC1104000A294B /* UIWebView+ClearCache.m in Sources */,
				048EE0541D8285D500AE18B5 /* JWRegex.m in Sources */,
				FE75BE661F3C627400CBE8D2 /* JWItemsView.m in Sources */,
				FEB14AC41F39A1F200434021 /* UserLogonViewController.m in Sources */,
				FE4E980C1F46DEC900E5C08D /* ViewModel.m in Sources */,
				FE4E98051F46D6B200E5C08D /* HomeVisitModel.m in Sources */,
				043F26191CFC1104000A294B /* NSDictionary+Extra.m in Sources */,
				048EE05B1D82880900AE18B5 /* UserLogonModel.m in Sources */,
				04FC0BA11D8FC39B00A8BC47 /* UITableView+DHSmartScreenshot.m in Sources */,
				0426A55C1D795992000DBAF4 /* RootTabbarViewController.m in Sources */,
				0432C9461D7D550B00184E14 /* YHWebViewProgressView.m in Sources */,
				04E7355F1CFC0AC0007F51C4 /* AppDelegate.m in Sources */,
				FEB14ABA1F399CAD00434021 /* JWHTTPRequest.m in Sources */,
				04DCA6661CFEB61D0017EDBC /* JWImageLoadConnection.m in Sources */,
				FE62EC641F3AE9E600252CAD /* DoubleBallViewController.m in Sources */,
				04FC0BA21D8FC39B00A8BC47 /* UIView+DHSmartScreenshot.m in Sources */,
				04FC0BA01D8FC39B00A8BC47 /* UIScrollView+DHSmartScreenshot.m in Sources */,
				0457BB7B1CFD68FB00FEBBC5 /* SystemConfigure.m in Sources */,
				FE62EC591F3AE10F00252CAD /* HomeViewController.m in Sources */,
				FE4E980B1F46DEC900E5C08D /* HTTPRequest.m in Sources */,
				04FEF99A1D879327004C4520 /* WebViewController.m in Sources */,
				0457BB7E1CFD734C00FEBBC5 /* JWShare.m in Sources */,
				FE62EC491F3AAA9000252CAD /* CommunityAnnouncementViewController.m in Sources */,
				FE62EC2D1F3AA01D00252CAD /* CommunityViewController.m in Sources */,
				FE62EC531F3AAAC900252CAD /* CommunityAnnouncementCell.m in Sources */,
				043165641D80074B00373D7E /* UITableViewCell+Animation.m in Sources */,
				044768EA1D87DDCF00BCDA27 /* JWRequestExceptionAlertView.m in Sources */,
				FE62EC6A1F3B0E9100252CAD /* HomeHeadView.m in Sources */,
				046298C91CFC174A006050EB /* SysParams.m in Sources */,
				04E5D11A1D000B6C00DB97CB /* UITableView+EmptyData.m in Sources */,
				043F26201CFC1104000A294B /* UIViewController+PushBackAnimation.m in Sources */,
				046298CA1CFC174A006050EB /* SysFunctions.m in Sources */,
				044768F41D87F7F400BCDA27 /* RootNavigationViewController.m in Sources */,
				04E7355C1CFC0AC0007F51C4 /* main.m in Sources */,
				043F261F1CFC1104000A294B /* UIView+Extra.m in Sources */,
				048EE0611D82B8DC00AE18B5 /* JWImagePicker.m in Sources */,
				04FC0B9F1D8FC39B00A8BC47 /* UIImage+DHImageAdditions.m in Sources */,
				046298E41CFC384A006050EB /* UIView+Snapshot.m in Sources */,
				0426A6131D796CEC000DBAF4 /* UINavigationController+NavigationBar.m in Sources */,
				FE62EC441F3AAA6B00252CAD /* CommunityHotTopicViewController.m in Sources */,
				04CCA4C51D7EB9450033730D /* UINavigationItem+Margin.m in Sources */,
				FE62EC5F1F3AE27200252CAD /* HomeCell.m in Sources */,
				043F261B1CFC1104000A294B /* NSString+Extra.m in Sources */,
				0432C9451D7D550B00184E14 /* YHWebViewProgress.m in Sources */,
				FE62EC321F3AA04600252CAD /* CommunityTitleView.m in Sources */,
				046298D61CFC2666006050EB /* NSObject+Extra.m in Sources */,
				043F261E1CFC1104000A294B /* UITextField+Extra.m in Sources */,
				FE5824DE1DB4CF71008052C9 /* ClickImage.m in Sources */,
				04FEF99E1D87A9D7004C4520 /* ImagePlayerView.m in Sources */,
				FE62EC3F1F3AA98700252CAD /* FindViewController.m in Sources */,
				043F26181CFC1104000A294B /* NSDate+Extra.m in Sources */,
				FE62EC391F3AA0EC00252CAD /* MyViewController.m in Sources */,
				043A87B11D868A120050FF2F /* JWDatePicker.m in Sources */,
				043A87B21D868A120050FF2F /* JWPickerView.m in Sources */,
				04DCA6631CFEB1DF0017EDBC /* JWProgressView.m in Sources */,
				04DCA6791CFEB7E10017EDBC /* MJCustomGifHeader.m in Sources */,
				FE75BE5D1F3C5A7F00CBE8D2 /* HomeDetailViewController.m in Sources */,
				FEB14ABD1F399CC500434021 /* JWResponseModel.m in Sources */,
			);
			runOnlyForDeploymentPostprocessing = 0;
		};
		04E7356C1CFC0AC0007F51C4 /* Sources */ = {
			isa = PBXSourcesBuildPhase;
			buildActionMask = 2147483647;
			files = (
				04E735751CFC0AC0007F51C4 /* JWCoreTests.m in Sources */,
			);
			runOnlyForDeploymentPostprocessing = 0;
		};
/* End PBXSourcesBuildPhase section */

/* Begin PBXTargetDependency section */
		04E735721CFC0AC0007F51C4 /* PBXTargetDependency */ = {
			isa = PBXTargetDependency;
			target = 04E735561CFC0ABF007F51C4 /* JWCore */;
			targetProxy = 04E735711CFC0AC0007F51C4 /* PBXContainerItemProxy */;
		};
/* End PBXTargetDependency section */

/* Begin PBXVariantGroup section */
		04E735631CFC0AC0007F51C4 /* Main.storyboard */ = {
			isa = PBXVariantGroup;
			children = (
				04E735641CFC0AC0007F51C4 /* Base */,
			);
			name = Main.storyboard;
			sourceTree = "<group>";
		};
		04E735681CFC0AC0007F51C4 /* LaunchScreen.storyboard */ = {
			isa = PBXVariantGroup;
			children = (
				04E735691CFC0AC0007F51C4 /* Base */,
			);
			name = LaunchScreen.storyboard;
			sourceTree = "<group>";
		};
/* End PBXVariantGroup section */

/* Begin XCBuildConfiguration section */
		04E735771CFC0AC0007F51C4 /* Debug */ = {
			isa = XCBuildConfiguration;
			buildSettings = {
				ALWAYS_SEARCH_USER_PATHS = NO;
				CLANG_ANALYZER_NONNULL = YES;
				CLANG_CXX_LANGUAGE_STANDARD = "gnu++0x";
				CLANG_CXX_LIBRARY = "libc++";
				CLANG_ENABLE_MODULES = YES;
				CLANG_ENABLE_OBJC_ARC = YES;
				CLANG_WARN_BOOL_CONVERSION = YES;
				CLANG_WARN_CONSTANT_CONVERSION = YES;
				CLANG_WARN_DIRECT_OBJC_ISA_USAGE = YES_ERROR;
				CLANG_WARN_EMPTY_BODY = YES;
				CLANG_WARN_ENUM_CONVERSION = YES;
				CLANG_WARN_INT_CONVERSION = YES;
				CLANG_WARN_OBJC_ROOT_CLASS = YES_ERROR;
				CLANG_WARN_UNREACHABLE_CODE = YES;
				CLANG_WARN__DUPLICATE_METHOD_MATCH = YES;
				"CODE_SIGN_IDENTITY[sdk=iphoneos*]" = "iPhone Developer";
				COPY_PHASE_STRIP = NO;
				DEBUG_INFORMATION_FORMAT = dwarf;
				ENABLE_STRICT_OBJC_MSGSEND = YES;
				ENABLE_TESTABILITY = YES;
				GCC_C_LANGUAGE_STANDARD = gnu99;
				GCC_DYNAMIC_NO_PIC = NO;
				GCC_NO_COMMON_BLOCKS = YES;
				GCC_OPTIMIZATION_LEVEL = 0;
				GCC_PREPROCESSOR_DEFINITIONS = (
					"DEBUG=1",
					"$(inherited)",
				);
				GCC_WARN_64_TO_32_BIT_CONVERSION = YES;
				GCC_WARN_ABOUT_RETURN_TYPE = YES_ERROR;
				GCC_WARN_UNDECLARED_SELECTOR = YES;
				GCC_WARN_UNINITIALIZED_AUTOS = YES_AGGRESSIVE;
				GCC_WARN_UNUSED_FUNCTION = YES;
				GCC_WARN_UNUSED_VARIABLE = YES;
				IPHONEOS_DEPLOYMENT_TARGET = 7.0;
				MTL_ENABLE_DEBUG_INFO = YES;
				ONLY_ACTIVE_ARCH = YES;
				SDKROOT = iphoneos;
				TARGETED_DEVICE_FAMILY = "1,2";
			};
			name = Debug;
		};
		04E735781CFC0AC0007F51C4 /* Release */ = {
			isa = XCBuildConfiguration;
			buildSettings = {
				ALWAYS_SEARCH_USER_PATHS = NO;
				CLANG_ANALYZER_NONNULL = YES;
				CLANG_CXX_LANGUAGE_STANDARD = "gnu++0x";
				CLANG_CXX_LIBRARY = "libc++";
				CLANG_ENABLE_MODULES = YES;
				CLANG_ENABLE_OBJC_ARC = YES;
				CLANG_WARN_BOOL_CONVERSION = YES;
				CLANG_WARN_CONSTANT_CONVERSION = YES;
				CLANG_WARN_DIRECT_OBJC_ISA_USAGE = YES_ERROR;
				CLANG_WARN_EMPTY_BODY = YES;
				CLANG_WARN_ENUM_CONVERSION = YES;
				CLANG_WARN_INT_CONVERSION = YES;
				CLANG_WARN_OBJC_ROOT_CLASS = YES_ERROR;
				CLANG_WARN_UNREACHABLE_CODE = YES;
				CLANG_WARN__DUPLICATE_METHOD_MATCH = YES;
				"CODE_SIGN_IDENTITY[sdk=iphoneos*]" = "iPhone Developer";
				COPY_PHASE_STRIP = NO;
				DEBUG_INFORMATION_FORMAT = "dwarf-with-dsym";
				ENABLE_NS_ASSERTIONS = NO;
				ENABLE_STRICT_OBJC_MSGSEND = YES;
				GCC_C_LANGUAGE_STANDARD = gnu99;
				GCC_NO_COMMON_BLOCKS = YES;
				GCC_WARN_64_TO_32_BIT_CONVERSION = YES;
				GCC_WARN_ABOUT_RETURN_TYPE = YES_ERROR;
				GCC_WARN_UNDECLARED_SELECTOR = YES;
				GCC_WARN_UNINITIALIZED_AUTOS = YES_AGGRESSIVE;
				GCC_WARN_UNUSED_FUNCTION = YES;
				GCC_WARN_UNUSED_VARIABLE = YES;
				IPHONEOS_DEPLOYMENT_TARGET = 7.0;
				MTL_ENABLE_DEBUG_INFO = NO;
				SDKROOT = iphoneos;
				TARGETED_DEVICE_FAMILY = "1,2";
				VALIDATE_PRODUCT = YES;
			};
			name = Release;
		};
		04E7357A1CFC0AC0007F51C4 /* Debug */ = {
			isa = XCBuildConfiguration;
			baseConfigurationReference = 0239D36912F71696041F8C9D /* Pods-JWCore.debug.xcconfig */;
			buildSettings = {
				ASSETCATALOG_COMPILER_APPICON_NAME = AppIcon;
				CODE_SIGN_ENTITLEMENTS = JWCore/JWCore.entitlements;
				"CODE_SIGN_IDENTITY[sdk=iphoneos*]" = "iPhone Developer";
				DEVELOPMENT_TEAM = VV4EY4UP8Q;
				ENABLE_BITCODE = NO;
				FRAMEWORK_SEARCH_PATHS = (
					"$(inherited)",
					"$(PROJECT_DIR)/JWCore/Vendor/UMeng",
					"$(PROJECT_DIR)",
				);
				GCC_PREFIX_HEADER = "$(PROJECT_DIR)/JWCore/PrefixHeader/PrefixHeader.pch";
				INFOPLIST_FILE = JWCore/Info.plist;
				IPHONEOS_DEPLOYMENT_TARGET = 8.0;
				LD_RUNPATH_SEARCH_PATHS = "$(inherited) @executable_path/Frameworks";
				LIBRARY_SEARCH_PATHS = (
					"$(inherited)",
					"$(PROJECT_DIR)/JWCore/JCCore",
					"$(PROJECT_DIR)/JWCore/Tool/EaseUI/EMUIKit/3rdparty/DeviceHelper/VoiceConvert/opencore-amrnb",
					"$(PROJECT_DIR)/JWCore/Tool/EaseUI/EMUIKit/3rdparty/DeviceHelper/VoiceConvert/opencore-amrwb",
					"$(PROJECT_DIR)/JWCore/Tool/JPush",
				);
				PRODUCT_BUNDLE_IDENTIFIER = com.ddknows.lottery;
				PRODUCT_NAME = "$(TARGET_NAME)";
			};
			name = Debug;
		};
		04E7357B1CFC0AC0007F51C4 /* Release */ = {
			isa = XCBuildConfiguration;
			baseConfigurationReference = A7D4D72B926254A6A0B17F35 /* Pods-JWCore.release.xcconfig */;
			buildSettings = {
				ASSETCATALOG_COMPILER_APPICON_NAME = AppIcon;
				CODE_SIGN_ENTITLEMENTS = JWCore/JWCore.entitlements;
				"CODE_SIGN_IDENTITY[sdk=iphoneos*]" = "iPhone Developer";
				DEVELOPMENT_TEAM = VV4EY4UP8Q;
				ENABLE_BITCODE = NO;
				FRAMEWORK_SEARCH_PATHS = (
					"$(inherited)",
					"$(PROJECT_DIR)/JWCore/Vendor/UMeng",
					"$(PROJECT_DIR)",
				);
				GCC_PREFIX_HEADER = "$(PROJECT_DIR)/JWCore/PrefixHeader/PrefixHeader.pch";
				INFOPLIST_FILE = JWCore/Info.plist;
				IPHONEOS_DEPLOYMENT_TARGET = 8.0;
				LD_RUNPATH_SEARCH_PATHS = "$(inherited) @executable_path/Frameworks";
				LIBRARY_SEARCH_PATHS = (
					"$(inherited)",
					"$(PROJECT_DIR)/JWCore/JCCore",
					"$(PROJECT_DIR)/JWCore/Tool/EaseUI/EMUIKit/3rdparty/DeviceHelper/VoiceConvert/opencore-amrnb",
					"$(PROJECT_DIR)/JWCore/Tool/EaseUI/EMUIKit/3rdparty/DeviceHelper/VoiceConvert/opencore-amrwb",
					"$(PROJECT_DIR)/JWCore/Tool/JPush",
				);
				PRODUCT_BUNDLE_IDENTIFIER = com.ddknows.lottery;
				PRODUCT_NAME = "$(TARGET_NAME)";
			};
			name = Release;
		};
		04E7357D1CFC0AC0007F51C4 /* Debug */ = {
			isa = XCBuildConfiguration;
			buildSettings = {
				BUNDLE_LOADER = "$(TEST_HOST)";
				INFOPLIST_FILE = JWCoreTests/Info.plist;
				LD_RUNPATH_SEARCH_PATHS = "$(inherited) @executable_path/Frameworks @loader_path/Frameworks";
				PRODUCT_BUNDLE_IDENTIFIER = JaWong.JWCoreTests;
				PRODUCT_NAME = "$(TARGET_NAME)";
				TEST_HOST = "$(BUILT_PRODUCTS_DIR)/JWCore.app/JWCore";
			};
			name = Debug;
		};
		04E7357E1CFC0AC0007F51C4 /* Release */ = {
			isa = XCBuildConfiguration;
			buildSettings = {
				BUNDLE_LOADER = "$(TEST_HOST)";
				INFOPLIST_FILE = JWCoreTests/Info.plist;
				LD_RUNPATH_SEARCH_PATHS = "$(inherited) @executable_path/Frameworks @loader_path/Frameworks";
				PRODUCT_BUNDLE_IDENTIFIER = JaWong.JWCoreTests;
				PRODUCT_NAME = "$(TARGET_NAME)";
				TEST_HOST = "$(BUILT_PRODUCTS_DIR)/JWCore.app/JWCore";
			};
			name = Release;
		};
/* End XCBuildConfiguration section */

/* Begin XCConfigurationList section */
		04E735521CFC0ABF007F51C4 /* Build configuration list for PBXProject "JWCore" */ = {
			isa = XCConfigurationList;
			buildConfigurations = (
				04E735771CFC0AC0007F51C4 /* Debug */,
				04E735781CFC0AC0007F51C4 /* Release */,
			);
			defaultConfigurationIsVisible = 0;
			defaultConfigurationName = Release;
		};
		04E735791CFC0AC0007F51C4 /* Build configuration list for PBXNativeTarget "JWCore" */ = {
			isa = XCConfigurationList;
			buildConfigurations = (
				04E7357A1CFC0AC0007F51C4 /* Debug */,
				04E7357B1CFC0AC0007F51C4 /* Release */,
			);
			defaultConfigurationIsVisible = 0;
			defaultConfigurationName = Release;
		};
		04E7357C1CFC0AC0007F51C4 /* Build configuration list for PBXNativeTarget "JWCoreTests" */ = {
			isa = XCConfigurationList;
			buildConfigurations = (
				04E7357D1CFC0AC0007F51C4 /* Debug */,
				04E7357E1CFC0AC0007F51C4 /* Release */,
			);
			defaultConfigurationIsVisible = 0;
			defaultConfigurationName = Release;
		};
/* End XCConfigurationList section */
	};
	rootObject = 04E7354F1CFC0ABF007F51C4 /* Project object */;
}
